// !$*UTF8*$!
{
	archiveVersion = 1;
	classes = {
	};
	objectVersion = 55;
	objects = {

/* Begin PBXBuildFile section */
		4F6FD744287C6D4F00E6D9C8 /* AppDelegate.swift in Sources */ = {isa = PBXBuildFile; fileRef = 4F6FD743287C6D4F00E6D9C8 /* AppDelegate.swift */; };
		4F6FD746287C6D4F00E6D9C8 /* SceneDelegate.swift in Sources */ = {isa = PBXBuildFile; fileRef = 4F6FD745287C6D4F00E6D9C8 /* SceneDelegate.swift */; };
		4F6FD74D287C6D5200E6D9C8 /* Assets.xcassets in Resources */ = {isa = PBXBuildFile; fileRef = 4F6FD74C287C6D5200E6D9C8 /* Assets.xcassets */; };
		4F6FD750287C6D5200E6D9C8 /* LaunchScreen.storyboard in Resources */ = {isa = PBXBuildFile; fileRef = 4F6FD74E287C6D5200E6D9C8 /* LaunchScreen.storyboard */; };
		4F6FD75B287C6D5200E6D9C8 /* CineMovieTests.swift in Sources */ = {isa = PBXBuildFile; fileRef = 4F6FD75A287C6D5200E6D9C8 /* CineMovieTests.swift */; };
		4F6FD765287C6D5200E6D9C8 /* CineMovieUITests.swift in Sources */ = {isa = PBXBuildFile; fileRef = 4F6FD764287C6D5200E6D9C8 /* CineMovieUITests.swift */; };
		4F6FD767287C6D5200E6D9C8 /* CineMovieUITestsLaunchTests.swift in Sources */ = {isa = PBXBuildFile; fileRef = 4F6FD766287C6D5200E6D9C8 /* CineMovieUITestsLaunchTests.swift */; };
		4F6FD778287C6F6900E6D9C8 /* ErrorHandler.swift in Sources */ = {isa = PBXBuildFile; fileRef = 4F6FD777287C6F6900E6D9C8 /* ErrorHandler.swift */; };
		4F6FD77A287C6FBF00E6D9C8 /* Endpoint.swift in Sources */ = {isa = PBXBuildFile; fileRef = 4F6FD779287C6FBF00E6D9C8 /* Endpoint.swift */; };
		4F6FD77C287C6FDE00E6D9C8 /* HttpClient.swift in Sources */ = {isa = PBXBuildFile; fileRef = 4F6FD77B287C6FDE00E6D9C8 /* HttpClient.swift */; };
		4F6FD77E287C6FF400E6D9C8 /* HttpMethod.swift in Sources */ = {isa = PBXBuildFile; fileRef = 4F6FD77D287C6FF400E6D9C8 /* HttpMethod.swift */; };
		4F6FD781287C70CA00E6D9C8 /* MoviesEndpoint.swift in Sources */ = {isa = PBXBuildFile; fileRef = 4F6FD780287C70CA00E6D9C8 /* MoviesEndpoint.swift */; };
		4F6FD787287C714100E6D9C8 /* MoviesResponse.swift in Sources */ = {isa = PBXBuildFile; fileRef = 4F6FD786287C714100E6D9C8 /* MoviesResponse.swift */; };
		4F6FD789287C715900E6D9C8 /* Movie.swift in Sources */ = {isa = PBXBuildFile; fileRef = 4F6FD788287C715900E6D9C8 /* Movie.swift */; };
		4F6FD78B287C716800E6D9C8 /* MovieGenres.swift in Sources */ = {isa = PBXBuildFile; fileRef = 4F6FD78A287C716800E6D9C8 /* MovieGenres.swift */; };
		4F6FD78E287C718F00E6D9C8 /* Constants.swift in Sources */ = {isa = PBXBuildFile; fileRef = 4F6FD78D287C718F00E6D9C8 /* Constants.swift */; };
		4F6FD791287C720900E6D9C8 /* MoviesService.swift in Sources */ = {isa = PBXBuildFile; fileRef = 4F6FD790287C720900E6D9C8 /* MoviesService.swift */; };
		4F6FD796287C740B00E6D9C8 /* ListTopRatedMoviesViewModel.swift in Sources */ = {isa = PBXBuildFile; fileRef = 4F6FD795287C740B00E6D9C8 /* ListTopRatedMoviesViewModel.swift */; };
		4F6FD798287C742E00E6D9C8 /* ListTopRatedMoviesViewController.swift in Sources */ = {isa = PBXBuildFile; fileRef = 4F6FD797287C742E00E6D9C8 /* ListTopRatedMoviesViewController.swift */; };
		4F6FD79A287C744A00E6D9C8 /* TopRatedMoviesCell.swift in Sources */ = {isa = PBXBuildFile; fileRef = 4F6FD799287C744A00E6D9C8 /* TopRatedMoviesCell.swift */; };
		4F6FD79D287C749C00E6D9C8 /* TopRatedMoviesCellViewModel.swift in Sources */ = {isa = PBXBuildFile; fileRef = 4F6FD79C287C749C00E6D9C8 /* TopRatedMoviesCellViewModel.swift */; };
		4F6FD7A0287C74ED00E6D9C8 /* UIImageView+Extension.swift in Sources */ = {isa = PBXBuildFile; fileRef = 4F6FD79F287C74ED00E6D9C8 /* UIImageView+Extension.swift */; };
		4F6FD7A2287C750900E6D9C8 /* UIViewController+Extension.swift in Sources */ = {isa = PBXBuildFile; fileRef = 4F6FD7A1287C750900E6D9C8 /* UIViewController+Extension.swift */; };
		4F6FD7A5287C763200E6D9C8 /* MovieDetailsViewController.swift in Sources */ = {isa = PBXBuildFile; fileRef = 4F6FD7A4287C763200E6D9C8 /* MovieDetailsViewController.swift */; };
		4F6FD7A7287C765000E6D9C8 /* MovieDetailsViewModel.swift in Sources */ = {isa = PBXBuildFile; fileRef = 4F6FD7A6287C765000E6D9C8 /* MovieDetailsViewModel.swift */; };
		4F6FD7AA287C772E00E6D9C8 /* ListPopularMoviesViewController.swift in Sources */ = {isa = PBXBuildFile; fileRef = 4F6FD7A9287C772E00E6D9C8 /* ListPopularMoviesViewController.swift */; };
		4F6FD7AC287C774900E6D9C8 /* PopularMoviesCell.swift in Sources */ = {isa = PBXBuildFile; fileRef = 4F6FD7AB287C774900E6D9C8 /* PopularMoviesCell.swift */; };
		4F6FD7AE287C776600E6D9C8 /* PopularMoviesCellViewModel.swift in Sources */ = {isa = PBXBuildFile; fileRef = 4F6FD7AD287C776600E6D9C8 /* PopularMoviesCellViewModel.swift */; };
		4F6FD7B0287C778900E6D9C8 /* ListPopularMoviesViewModel.swift in Sources */ = {isa = PBXBuildFile; fileRef = 4F6FD7AF287C778900E6D9C8 /* ListPopularMoviesViewModel.swift */; };
		4F6FD7B2287C77BB00E6D9C8 /* TabBarViewController.swift in Sources */ = {isa = PBXBuildFile; fileRef = 4F6FD7B1287C77BB00E6D9C8 /* TabBarViewController.swift */; };
		4F6FD7B5287C78A000E6D9C8 /* SearchMoviesViewController.swift in Sources */ = {isa = PBXBuildFile; fileRef = 4F6FD7B4287C78A000E6D9C8 /* SearchMoviesViewController.swift */; };
		4F6FD7B7287C78BC00E6D9C8 /* SearchMoviesViewModel.swift in Sources */ = {isa = PBXBuildFile; fileRef = 4F6FD7B6287C78BC00E6D9C8 /* SearchMoviesViewModel.swift */; };
/* End PBXBuildFile section */

/* Begin PBXContainerItemProxy section */
		4F6FD757287C6D5200E6D9C8 /* PBXContainerItemProxy */ = {
			isa = PBXContainerItemProxy;
			containerPortal = 4F6FD738287C6D4F00E6D9C8 /* Project object */;
			proxyType = 1;
			remoteGlobalIDString = 4F6FD73F287C6D4F00E6D9C8;
			remoteInfo = CineMovie;
		};
		4F6FD761287C6D5200E6D9C8 /* PBXContainerItemProxy */ = {
			isa = PBXContainerItemProxy;
			containerPortal = 4F6FD738287C6D4F00E6D9C8 /* Project object */;
			proxyType = 1;
			remoteGlobalIDString = 4F6FD73F287C6D4F00E6D9C8;
			remoteInfo = CineMovie;
		};
/* End PBXContainerItemProxy section */

/* Begin PBXFileReference section */
		4F6FD740287C6D4F00E6D9C8 /* CineMovie.app */ = {isa = PBXFileReference; explicitFileType = wrapper.application; includeInIndex = 0; path = CineMovie.app; sourceTree = BUILT_PRODUCTS_DIR; };
		4F6FD743287C6D4F00E6D9C8 /* AppDelegate.swift */ = {isa = PBXFileReference; lastKnownFileType = sourcecode.swift; path = AppDelegate.swift; sourceTree = "<group>"; };
		4F6FD745287C6D4F00E6D9C8 /* SceneDelegate.swift */ = {isa = PBXFileReference; lastKnownFileType = sourcecode.swift; path = SceneDelegate.swift; sourceTree = "<group>"; };
		4F6FD74C287C6D5200E6D9C8 /* Assets.xcassets */ = {isa = PBXFileReference; lastKnownFileType = folder.assetcatalog; path = Assets.xcassets; sourceTree = "<group>"; };
		4F6FD74F287C6D5200E6D9C8 /* Base */ = {isa = PBXFileReference; lastKnownFileType = file.storyboard; name = Base; path = Base.lproj/LaunchScreen.storyboard; sourceTree = "<group>"; };
		4F6FD751287C6D5200E6D9C8 /* Info.plist */ = {isa = PBXFileReference; lastKnownFileType = text.plist.xml; path = Info.plist; sourceTree = "<group>"; };
		4F6FD756287C6D5200E6D9C8 /* CineMovieTests.xctest */ = {isa = PBXFileReference; explicitFileType = wrapper.cfbundle; includeInIndex = 0; path = CineMovieTests.xctest; sourceTree = BUILT_PRODUCTS_DIR; };
		4F6FD75A287C6D5200E6D9C8 /* CineMovieTests.swift */ = {isa = PBXFileReference; lastKnownFileType = sourcecode.swift; path = CineMovieTests.swift; sourceTree = "<group>"; };
		4F6FD760287C6D5200E6D9C8 /* CineMovieUITests.xctest */ = {isa = PBXFileReference; explicitFileType = wrapper.cfbundle; includeInIndex = 0; path = CineMovieUITests.xctest; sourceTree = BUILT_PRODUCTS_DIR; };
		4F6FD764287C6D5200E6D9C8 /* CineMovieUITests.swift */ = {isa = PBXFileReference; lastKnownFileType = sourcecode.swift; path = CineMovieUITests.swift; sourceTree = "<group>"; };
		4F6FD766287C6D5200E6D9C8 /* CineMovieUITestsLaunchTests.swift */ = {isa = PBXFileReference; lastKnownFileType = sourcecode.swift; path = CineMovieUITestsLaunchTests.swift; sourceTree = "<group>"; };
		4F6FD777287C6F6900E6D9C8 /* ErrorHandler.swift */ = {isa = PBXFileReference; lastKnownFileType = sourcecode.swift; path = ErrorHandler.swift; sourceTree = "<group>"; };
		4F6FD779287C6FBF00E6D9C8 /* Endpoint.swift */ = {isa = PBXFileReference; lastKnownFileType = sourcecode.swift; path = Endpoint.swift; sourceTree = "<group>"; };
		4F6FD77B287C6FDE00E6D9C8 /* HttpClient.swift */ = {isa = PBXFileReference; lastKnownFileType = sourcecode.swift; path = HttpClient.swift; sourceTree = "<group>"; };
		4F6FD77D287C6FF400E6D9C8 /* HttpMethod.swift */ = {isa = PBXFileReference; lastKnownFileType = sourcecode.swift; path = HttpMethod.swift; sourceTree = "<group>"; };
		4F6FD780287C70CA00E6D9C8 /* MoviesEndpoint.swift */ = {isa = PBXFileReference; lastKnownFileType = sourcecode.swift; path = MoviesEndpoint.swift; sourceTree = "<group>"; };
		4F6FD786287C714100E6D9C8 /* MoviesResponse.swift */ = {isa = PBXFileReference; lastKnownFileType = sourcecode.swift; path = MoviesResponse.swift; sourceTree = "<group>"; };
		4F6FD788287C715900E6D9C8 /* Movie.swift */ = {isa = PBXFileReference; lastKnownFileType = sourcecode.swift; path = Movie.swift; sourceTree = "<group>"; };
		4F6FD78A287C716800E6D9C8 /* MovieGenres.swift */ = {isa = PBXFileReference; lastKnownFileType = sourcecode.swift; path = MovieGenres.swift; sourceTree = "<group>"; };
		4F6FD78D287C718F00E6D9C8 /* Constants.swift */ = {isa = PBXFileReference; lastKnownFileType = sourcecode.swift; path = Constants.swift; sourceTree = "<group>"; };
		4F6FD790287C720900E6D9C8 /* MoviesService.swift */ = {isa = PBXFileReference; lastKnownFileType = sourcecode.swift; path = MoviesService.swift; sourceTree = "<group>"; };
		4F6FD795287C740B00E6D9C8 /* ListTopRatedMoviesViewModel.swift */ = {isa = PBXFileReference; lastKnownFileType = sourcecode.swift; path = ListTopRatedMoviesViewModel.swift; sourceTree = "<group>"; };
		4F6FD797287C742E00E6D9C8 /* ListTopRatedMoviesViewController.swift */ = {isa = PBXFileReference; lastKnownFileType = sourcecode.swift; path = ListTopRatedMoviesViewController.swift; sourceTree = "<group>"; };
		4F6FD799287C744A00E6D9C8 /* TopRatedMoviesCell.swift */ = {isa = PBXFileReference; lastKnownFileType = sourcecode.swift; path = TopRatedMoviesCell.swift; sourceTree = "<group>"; };
		4F6FD79C287C749C00E6D9C8 /* TopRatedMoviesCellViewModel.swift */ = {isa = PBXFileReference; lastKnownFileType = sourcecode.swift; path = TopRatedMoviesCellViewModel.swift; sourceTree = "<group>"; };
		4F6FD79F287C74ED00E6D9C8 /* UIImageView+Extension.swift */ = {isa = PBXFileReference; lastKnownFileType = sourcecode.swift; path = "UIImageView+Extension.swift"; sourceTree = "<group>"; };
		4F6FD7A1287C750900E6D9C8 /* UIViewController+Extension.swift */ = {isa = PBXFileReference; lastKnownFileType = sourcecode.swift; path = "UIViewController+Extension.swift"; sourceTree = "<group>"; };
		4F6FD7A4287C763200E6D9C8 /* MovieDetailsViewController.swift */ = {isa = PBXFileReference; lastKnownFileType = sourcecode.swift; path = MovieDetailsViewController.swift; sourceTree = "<group>"; };
		4F6FD7A6287C765000E6D9C8 /* MovieDetailsViewModel.swift */ = {isa = PBXFileReference; lastKnownFileType = sourcecode.swift; path = MovieDetailsViewModel.swift; sourceTree = "<group>"; };
		4F6FD7A9287C772E00E6D9C8 /* ListPopularMoviesViewController.swift */ = {isa = PBXFileReference; lastKnownFileType = sourcecode.swift; path = ListPopularMoviesViewController.swift; sourceTree = "<group>"; };
		4F6FD7AB287C774900E6D9C8 /* PopularMoviesCell.swift */ = {isa = PBXFileReference; lastKnownFileType = sourcecode.swift; path = PopularMoviesCell.swift; sourceTree = "<group>"; };
		4F6FD7AD287C776600E6D9C8 /* PopularMoviesCellViewModel.swift */ = {isa = PBXFileReference; lastKnownFileType = sourcecode.swift; path = PopularMoviesCellViewModel.swift; sourceTree = "<group>"; };
		4F6FD7AF287C778900E6D9C8 /* ListPopularMoviesViewModel.swift */ = {isa = PBXFileReference; lastKnownFileType = sourcecode.swift; path = ListPopularMoviesViewModel.swift; sourceTree = "<group>"; };
		4F6FD7B1287C77BB00E6D9C8 /* TabBarViewController.swift */ = {isa = PBXFileReference; lastKnownFileType = sourcecode.swift; path = TabBarViewController.swift; sourceTree = "<group>"; };
		4F6FD7B4287C78A000E6D9C8 /* SearchMoviesViewController.swift */ = {isa = PBXFileReference; lastKnownFileType = sourcecode.swift; path = SearchMoviesViewController.swift; sourceTree = "<group>"; };
		4F6FD7B6287C78BC00E6D9C8 /* SearchMoviesViewModel.swift */ = {isa = PBXFileReference; lastKnownFileType = sourcecode.swift; path = SearchMoviesViewModel.swift; sourceTree = "<group>"; };
/* End PBXFileReference section */

/* Begin PBXFrameworksBuildPhase section */
		4F6FD73D287C6D4F00E6D9C8 /* Frameworks */ = {
			isa = PBXFrameworksBuildPhase;
			buildActionMask = 2147483647;
			files = (
			);
			runOnlyForDeploymentPostprocessing = 0;
		};
		4F6FD753287C6D5200E6D9C8 /* Frameworks */ = {
			isa = PBXFrameworksBuildPhase;
			buildActionMask = 2147483647;
			files = (
			);
			runOnlyForDeploymentPostprocessing = 0;
		};
		4F6FD75D287C6D5200E6D9C8 /* Frameworks */ = {
			isa = PBXFrameworksBuildPhase;
			buildActionMask = 2147483647;
			files = (
			);
			runOnlyForDeploymentPostprocessing = 0;
		};
/* End PBXFrameworksBuildPhase section */

/* Begin PBXGroup section */
		4F6FD737287C6D4F00E6D9C8 = {
			isa = PBXGroup;
			children = (
				4F6FD742287C6D4F00E6D9C8 /* CineMovie */,
				4F6FD759287C6D5200E6D9C8 /* CineMovieTests */,
				4F6FD763287C6D5200E6D9C8 /* CineMovieUITests */,
				4F6FD741287C6D4F00E6D9C8 /* Products */,
			);
			sourceTree = "<group>";
		};
		4F6FD741287C6D4F00E6D9C8 /* Products */ = {
			isa = PBXGroup;
			children = (
				4F6FD740287C6D4F00E6D9C8 /* CineMovie.app */,
				4F6FD756287C6D5200E6D9C8 /* CineMovieTests.xctest */,
				4F6FD760287C6D5200E6D9C8 /* CineMovieUITests.xctest */,
			);
			name = Products;
			sourceTree = "<group>";
		};
		4F6FD742287C6D4F00E6D9C8 /* CineMovie */ = {
			isa = PBXGroup;
			children = (
				4F6FD774287C6E5300E6D9C8 /* Application */,
				4F6FD785287C712D00E6D9C8 /* Models */,
				4F6FD775287C6F4900E6D9C8 /* Network */,
				4F6FD773287C6E4D00E6D9C8 /* Resources */,
				4F6FD78F287C71F800E6D9C8 /* Services */,
				4F6FD78C287C717F00E6D9C8 /* Utils */,
				4F6FD792287C73CC00E6D9C8 /* View */,
				4F6FD793287C73DC00E6D9C8 /* ViewModel */,
				4F6FD751287C6D5200E6D9C8 /* Info.plist */,
			);
			path = CineMovie;
			sourceTree = "<group>";
		};
		4F6FD759287C6D5200E6D9C8 /* CineMovieTests */ = {
			isa = PBXGroup;
			children = (
				4F6FD75A287C6D5200E6D9C8 /* CineMovieTests.swift */,
			);
			path = CineMovieTests;
			sourceTree = "<group>";
		};
		4F6FD763287C6D5200E6D9C8 /* CineMovieUITests */ = {
			isa = PBXGroup;
			children = (
				4F6FD764287C6D5200E6D9C8 /* CineMovieUITests.swift */,
				4F6FD766287C6D5200E6D9C8 /* CineMovieUITestsLaunchTests.swift */,
			);
			path = CineMovieUITests;
			sourceTree = "<group>";
		};
		4F6FD773287C6E4D00E6D9C8 /* Resources */ = {
			isa = PBXGroup;
			children = (
				4F6FD74E287C6D5200E6D9C8 /* LaunchScreen.storyboard */,
				4F6FD74C287C6D5200E6D9C8 /* Assets.xcassets */,
			);
			path = Resources;
			sourceTree = "<group>";
		};
		4F6FD774287C6E5300E6D9C8 /* Application */ = {
			isa = PBXGroup;
			children = (
				4F6FD743287C6D4F00E6D9C8 /* AppDelegate.swift */,
				4F6FD745287C6D4F00E6D9C8 /* SceneDelegate.swift */,
				4F6FD7B1287C77BB00E6D9C8 /* TabBarViewController.swift */,
			);
			path = Application;
			sourceTree = "<group>";
		};
		4F6FD775287C6F4900E6D9C8 /* Network */ = {
			isa = PBXGroup;
			children = (
				4F6FD776287C6F5A00E6D9C8 /* Base */,
				4F6FD77F287C70AB00E6D9C8 /* Endpoints */,
			);
			path = Network;
			sourceTree = "<group>";
		};
		4F6FD776287C6F5A00E6D9C8 /* Base */ = {
			isa = PBXGroup;
			children = (
				4F6FD779287C6FBF00E6D9C8 /* Endpoint.swift */,
				4F6FD777287C6F6900E6D9C8 /* ErrorHandler.swift */,
				4F6FD77B287C6FDE00E6D9C8 /* HttpClient.swift */,
				4F6FD77D287C6FF400E6D9C8 /* HttpMethod.swift */,
			);
			path = Base;
			sourceTree = "<group>";
		};
		4F6FD77F287C70AB00E6D9C8 /* Endpoints */ = {
			isa = PBXGroup;
			children = (
				4F6FD780287C70CA00E6D9C8 /* MoviesEndpoint.swift */,
			);
			path = Endpoints;
			sourceTree = "<group>";
		};
		4F6FD785287C712D00E6D9C8 /* Models */ = {
			isa = PBXGroup;
			children = (
				4F6FD786287C714100E6D9C8 /* MoviesResponse.swift */,
				4F6FD788287C715900E6D9C8 /* Movie.swift */,
				4F6FD78A287C716800E6D9C8 /* MovieGenres.swift */,
			);
			path = Models;
			sourceTree = "<group>";
		};
		4F6FD78C287C717F00E6D9C8 /* Utils */ = {
			isa = PBXGroup;
			children = (
				4F6FD79E287C74DA00E6D9C8 /* Extensions */,
				4F6FD78D287C718F00E6D9C8 /* Constants.swift */,
			);
			path = Utils;
			sourceTree = "<group>";
		};
		4F6FD78F287C71F800E6D9C8 /* Services */ = {
			isa = PBXGroup;
			children = (
				4F6FD790287C720900E6D9C8 /* MoviesService.swift */,
			);
			path = Services;
			sourceTree = "<group>";
		};
		4F6FD792287C73CC00E6D9C8 /* View */ = {
			isa = PBXGroup;
			children = (
				4F6FD7A8287C771000E6D9C8 /* ListPopularMovies */,
				4F6FD794287C73F100E6D9C8 /* ListTopRatedMovies */,
				4F6FD7A3287C761800E6D9C8 /* MovieDetails */,
				4F6FD7B3287C788000E6D9C8 /* SearchMovies */,
			);
			path = View;
			sourceTree = "<group>";
		};
		4F6FD793287C73DC00E6D9C8 /* ViewModel */ = {
			isa = PBXGroup;
			children = (
				4F6FD79B287C748100E6D9C8 /* Cell */,
				4F6FD795287C740B00E6D9C8 /* ListTopRatedMoviesViewModel.swift */,
				4F6FD7A6287C765000E6D9C8 /* MovieDetailsViewModel.swift */,
				4F6FD7AF287C778900E6D9C8 /* ListPopularMoviesViewModel.swift */,
				4F6FD7B6287C78BC00E6D9C8 /* SearchMoviesViewModel.swift */,
			);
			path = ViewModel;
			sourceTree = "<group>";
		};
		4F6FD794287C73F100E6D9C8 /* ListTopRatedMovies */ = {
			isa = PBXGroup;
			children = (
				4F6FD797287C742E00E6D9C8 /* ListTopRatedMoviesViewController.swift */,
				4F6FD799287C744A00E6D9C8 /* TopRatedMoviesCell.swift */,
			);
			path = ListTopRatedMovies;
			sourceTree = "<group>";
		};
		4F6FD79B287C748100E6D9C8 /* Cell */ = {
			isa = PBXGroup;
			children = (
				4F6FD79C287C749C00E6D9C8 /* TopRatedMoviesCellViewModel.swift */,
				4F6FD7AD287C776600E6D9C8 /* PopularMoviesCellViewModel.swift */,
			);
			path = Cell;
			sourceTree = "<group>";
		};
		4F6FD79E287C74DA00E6D9C8 /* Extensions */ = {
			isa = PBXGroup;
			children = (
				4F6FD79F287C74ED00E6D9C8 /* UIImageView+Extension.swift */,
				4F6FD7A1287C750900E6D9C8 /* UIViewController+Extension.swift */,
			);
			path = Extensions;
			sourceTree = "<group>";
		};
		4F6FD7A3287C761800E6D9C8 /* MovieDetails */ = {
			isa = PBXGroup;
			children = (
				4F6FD7A4287C763200E6D9C8 /* MovieDetailsViewController.swift */,
			);
			path = MovieDetails;
			sourceTree = "<group>";
		};
		4F6FD7A8287C771000E6D9C8 /* ListPopularMovies */ = {
			isa = PBXGroup;
			children = (
				4F6FD7A9287C772E00E6D9C8 /* ListPopularMoviesViewController.swift */,
				4F6FD7AB287C774900E6D9C8 /* PopularMoviesCell.swift */,
			);
			path = ListPopularMovies;
			sourceTree = "<group>";
		};
		4F6FD7B3287C788000E6D9C8 /* SearchMovies */ = {
			isa = PBXGroup;
			children = (
				4F6FD7B4287C78A000E6D9C8 /* SearchMoviesViewController.swift */,
			);
			path = SearchMovies;
			sourceTree = "<group>";
		};
/* End PBXGroup section */

/* Begin PBXNativeTarget section */
		4F6FD73F287C6D4F00E6D9C8 /* CineMovie */ = {
			isa = PBXNativeTarget;
			buildConfigurationList = 4F6FD76A287C6D5200E6D9C8 /* Build configuration list for PBXNativeTarget "CineMovie" */;
			buildPhases = (
				4F6FD73C287C6D4F00E6D9C8 /* Sources */,
				4F6FD73D287C6D4F00E6D9C8 /* Frameworks */,
				4F6FD73E287C6D4F00E6D9C8 /* Resources */,
			);
			buildRules = (
			);
			dependencies = (
			);
			name = CineMovie;
			productName = CineMovie;
			productReference = 4F6FD740287C6D4F00E6D9C8 /* CineMovie.app */;
			productType = "com.apple.product-type.application";
		};
		4F6FD755287C6D5200E6D9C8 /* CineMovieTests */ = {
			isa = PBXNativeTarget;
			buildConfigurationList = 4F6FD76D287C6D5200E6D9C8 /* Build configuration list for PBXNativeTarget "CineMovieTests" */;
			buildPhases = (
				4F6FD752287C6D5200E6D9C8 /* Sources */,
				4F6FD753287C6D5200E6D9C8 /* Frameworks */,
				4F6FD754287C6D5200E6D9C8 /* Resources */,
			);
			buildRules = (
			);
			dependencies = (
				4F6FD758287C6D5200E6D9C8 /* PBXTargetDependency */,
			);
			name = CineMovieTests;
			productName = CineMovieTests;
			productReference = 4F6FD756287C6D5200E6D9C8 /* CineMovieTests.xctest */;
			productType = "com.apple.product-type.bundle.unit-test";
		};
		4F6FD75F287C6D5200E6D9C8 /* CineMovieUITests */ = {
			isa = PBXNativeTarget;
			buildConfigurationList = 4F6FD770287C6D5200E6D9C8 /* Build configuration list for PBXNativeTarget "CineMovieUITests" */;
			buildPhases = (
				4F6FD75C287C6D5200E6D9C8 /* Sources */,
				4F6FD75D287C6D5200E6D9C8 /* Frameworks */,
				4F6FD75E287C6D5200E6D9C8 /* Resources */,
			);
			buildRules = (
			);
			dependencies = (
				4F6FD762287C6D5200E6D9C8 /* PBXTargetDependency */,
			);
			name = CineMovieUITests;
			productName = CineMovieUITests;
			productReference = 4F6FD760287C6D5200E6D9C8 /* CineMovieUITests.xctest */;
			productType = "com.apple.product-type.bundle.ui-testing";
		};
/* End PBXNativeTarget section */

/* Begin PBXProject section */
		4F6FD738287C6D4F00E6D9C8 /* Project object */ = {
			isa = PBXProject;
			attributes = {
				BuildIndependentTargetsInParallel = 1;
				LastSwiftUpdateCheck = 1340;
				LastUpgradeCheck = 1340;
				TargetAttributes = {
					4F6FD73F287C6D4F00E6D9C8 = {
						CreatedOnToolsVersion = 13.4.1;
					};
					4F6FD755287C6D5200E6D9C8 = {
						CreatedOnToolsVersion = 13.4.1;
						TestTargetID = 4F6FD73F287C6D4F00E6D9C8;
					};
					4F6FD75F287C6D5200E6D9C8 = {
						CreatedOnToolsVersion = 13.4.1;
						TestTargetID = 4F6FD73F287C6D4F00E6D9C8;
					};
				};
			};
			buildConfigurationList = 4F6FD73B287C6D4F00E6D9C8 /* Build configuration list for PBXProject "CineMovie" */;
			compatibilityVersion = "Xcode 13.0";
			developmentRegion = en;
			hasScannedForEncodings = 0;
			knownRegions = (
				en,
				Base,
			);
			mainGroup = 4F6FD737287C6D4F00E6D9C8;
			productRefGroup = 4F6FD741287C6D4F00E6D9C8 /* Products */;
			projectDirPath = "";
			projectRoot = "";
			targets = (
				4F6FD73F287C6D4F00E6D9C8 /* CineMovie */,
				4F6FD755287C6D5200E6D9C8 /* CineMovieTests */,
				4F6FD75F287C6D5200E6D9C8 /* CineMovieUITests */,
			);
		};
/* End PBXProject section */

/* Begin PBXResourcesBuildPhase section */
		4F6FD73E287C6D4F00E6D9C8 /* Resources */ = {
			isa = PBXResourcesBuildPhase;
			buildActionMask = 2147483647;
			files = (
				4F6FD750287C6D5200E6D9C8 /* LaunchScreen.storyboard in Resources */,
				4F6FD74D287C6D5200E6D9C8 /* Assets.xcassets in Resources */,
			);
			runOnlyForDeploymentPostprocessing = 0;
		};
		4F6FD754287C6D5200E6D9C8 /* Resources */ = {
			isa = PBXResourcesBuildPhase;
			buildActionMask = 2147483647;
			files = (
			);
			runOnlyForDeploymentPostprocessing = 0;
		};
		4F6FD75E287C6D5200E6D9C8 /* Resources */ = {
			isa = PBXResourcesBuildPhase;
			buildActionMask = 2147483647;
			files = (
			);
			runOnlyForDeploymentPostprocessing = 0;
		};
/* End PBXResourcesBuildPhase section */

/* Begin PBXSourcesBuildPhase section */
		4F6FD73C287C6D4F00E6D9C8 /* Sources */ = {
			isa = PBXSourcesBuildPhase;
			buildActionMask = 2147483647;
			files = (
				4F6FD7A7287C765000E6D9C8 /* MovieDetailsViewModel.swift in Sources */,
				4F6FD7A2287C750900E6D9C8 /* UIViewController+Extension.swift in Sources */,
				4F6FD7B0287C778900E6D9C8 /* ListPopularMoviesViewModel.swift in Sources */,
				4F6FD778287C6F6900E6D9C8 /* ErrorHandler.swift in Sources */,
				4F6FD7B5287C78A000E6D9C8 /* SearchMoviesViewController.swift in Sources */,
				4F6FD7A5287C763200E6D9C8 /* MovieDetailsViewController.swift in Sources */,
				4F6FD787287C714100E6D9C8 /* MoviesResponse.swift in Sources */,
				4F6FD798287C742E00E6D9C8 /* ListTopRatedMoviesViewController.swift in Sources */,
				4F6FD744287C6D4F00E6D9C8 /* AppDelegate.swift in Sources */,
				4F6FD7AA287C772E00E6D9C8 /* ListPopularMoviesViewController.swift in Sources */,
				4F6FD7AC287C774900E6D9C8 /* PopularMoviesCell.swift in Sources */,
				4F6FD7A0287C74ED00E6D9C8 /* UIImageView+Extension.swift in Sources */,
				4F6FD789287C715900E6D9C8 /* Movie.swift in Sources */,
				4F6FD781287C70CA00E6D9C8 /* MoviesEndpoint.swift in Sources */,
				4F6FD7B2287C77BB00E6D9C8 /* TabBarViewController.swift in Sources */,
				4F6FD7AE287C776600E6D9C8 /* PopularMoviesCellViewModel.swift in Sources */,
				4F6FD7B7287C78BC00E6D9C8 /* SearchMoviesViewModel.swift in Sources */,
				4F6FD77E287C6FF400E6D9C8 /* HttpMethod.swift in Sources */,
				4F6FD746287C6D4F00E6D9C8 /* SceneDelegate.swift in Sources */,
				4F6FD78B287C716800E6D9C8 /* MovieGenres.swift in Sources */,
				4F6FD77C287C6FDE00E6D9C8 /* HttpClient.swift in Sources */,
				4F6FD79D287C749C00E6D9C8 /* TopRatedMoviesCellViewModel.swift in Sources */,
				4F6FD796287C740B00E6D9C8 /* ListTopRatedMoviesViewModel.swift in Sources */,
				4F6FD791287C720900E6D9C8 /* MoviesService.swift in Sources */,
				4F6FD77A287C6FBF00E6D9C8 /* Endpoint.swift in Sources */,
				4F6FD78E287C718F00E6D9C8 /* Constants.swift in Sources */,
				4F6FD79A287C744A00E6D9C8 /* TopRatedMoviesCell.swift in Sources */,
			);
			runOnlyForDeploymentPostprocessing = 0;
		};
		4F6FD752287C6D5200E6D9C8 /* Sources */ = {
			isa = PBXSourcesBuildPhase;
			buildActionMask = 2147483647;
			files = (
				4F6FD75B287C6D5200E6D9C8 /* CineMovieTests.swift in Sources */,
			);
			runOnlyForDeploymentPostprocessing = 0;
		};
		4F6FD75C287C6D5200E6D9C8 /* Sources */ = {
			isa = PBXSourcesBuildPhase;
			buildActionMask = 2147483647;
			files = (
				4F6FD767287C6D5200E6D9C8 /* CineMovieUITestsLaunchTests.swift in Sources */,
				4F6FD765287C6D5200E6D9C8 /* CineMovieUITests.swift in Sources */,
			);
			runOnlyForDeploymentPostprocessing = 0;
		};
/* End PBXSourcesBuildPhase section */

/* Begin PBXTargetDependency section */
		4F6FD758287C6D5200E6D9C8 /* PBXTargetDependency */ = {
			isa = PBXTargetDependency;
			target = 4F6FD73F287C6D4F00E6D9C8 /* CineMovie */;
			targetProxy = 4F6FD757287C6D5200E6D9C8 /* PBXContainerItemProxy */;
		};
		4F6FD762287C6D5200E6D9C8 /* PBXTargetDependency */ = {
			isa = PBXTargetDependency;
			target = 4F6FD73F287C6D4F00E6D9C8 /* CineMovie */;
			targetProxy = 4F6FD761287C6D5200E6D9C8 /* PBXContainerItemProxy */;
		};
/* End PBXTargetDependency section */

/* Begin PBXVariantGroup section */
		4F6FD74E287C6D5200E6D9C8 /* LaunchScreen.storyboard */ = {
			isa = PBXVariantGroup;
			children = (
				4F6FD74F287C6D5200E6D9C8 /* Base */,
			);
			name = LaunchScreen.storyboard;
			sourceTree = "<group>";
		};
/* End PBXVariantGroup section */

/* Begin XCBuildConfiguration section */
		4F6FD768287C6D5200E6D9C8 /* Debug */ = {
			isa = XCBuildConfiguration;
			buildSettings = {
				ALWAYS_SEARCH_USER_PATHS = NO;
				CLANG_ANALYZER_NONNULL = YES;
				CLANG_ANALYZER_NUMBER_OBJECT_CONVERSION = YES_AGGRESSIVE;
				CLANG_CXX_LANGUAGE_STANDARD = "gnu++17";
				CLANG_ENABLE_MODULES = YES;
				CLANG_ENABLE_OBJC_ARC = YES;
				CLANG_ENABLE_OBJC_WEAK = YES;
				CLANG_WARN_BLOCK_CAPTURE_AUTORELEASING = YES;
				CLANG_WARN_BOOL_CONVERSION = YES;
				CLANG_WARN_COMMA = YES;
				CLANG_WARN_CONSTANT_CONVERSION = YES;
				CLANG_WARN_DEPRECATED_OBJC_IMPLEMENTATIONS = YES;
				CLANG_WARN_DIRECT_OBJC_ISA_USAGE = YES_ERROR;
				CLANG_WARN_DOCUMENTATION_COMMENTS = YES;
				CLANG_WARN_EMPTY_BODY = YES;
				CLANG_WARN_ENUM_CONVERSION = YES;
				CLANG_WARN_INFINITE_RECURSION = YES;
				CLANG_WARN_INT_CONVERSION = YES;
				CLANG_WARN_NON_LITERAL_NULL_CONVERSION = YES;
				CLANG_WARN_OBJC_IMPLICIT_RETAIN_SELF = YES;
				CLANG_WARN_OBJC_LITERAL_CONVERSION = YES;
				CLANG_WARN_OBJC_ROOT_CLASS = YES_ERROR;
				CLANG_WARN_QUOTED_INCLUDE_IN_FRAMEWORK_HEADER = YES;
				CLANG_WARN_RANGE_LOOP_ANALYSIS = YES;
				CLANG_WARN_STRICT_PROTOTYPES = YES;
				CLANG_WARN_SUSPICIOUS_MOVE = YES;
				CLANG_WARN_UNGUARDED_AVAILABILITY = YES_AGGRESSIVE;
				CLANG_WARN_UNREACHABLE_CODE = YES;
				CLANG_WARN__DUPLICATE_METHOD_MATCH = YES;
				COPY_PHASE_STRIP = NO;
				DEBUG_INFORMATION_FORMAT = dwarf;
				ENABLE_STRICT_OBJC_MSGSEND = YES;
				ENABLE_TESTABILITY = YES;
				GCC_C_LANGUAGE_STANDARD = gnu11;
				GCC_DYNAMIC_NO_PIC = NO;
				GCC_NO_COMMON_BLOCKS = YES;
				GCC_OPTIMIZATION_LEVEL = 0;
				GCC_PREPROCESSOR_DEFINITIONS = (
					"DEBUG=1",
					"$(inherited)",
				);
				GCC_WARN_64_TO_32_BIT_CONVERSION = YES;
				GCC_WARN_ABOUT_RETURN_TYPE = YES_ERROR;
				GCC_WARN_UNDECLARED_SELECTOR = YES;
				GCC_WARN_UNINITIALIZED_AUTOS = YES_AGGRESSIVE;
				GCC_WARN_UNUSED_FUNCTION = YES;
				GCC_WARN_UNUSED_VARIABLE = YES;
				IPHONEOS_DEPLOYMENT_TARGET = 15.5;
				MTL_ENABLE_DEBUG_INFO = INCLUDE_SOURCE;
				MTL_FAST_MATH = YES;
				ONLY_ACTIVE_ARCH = YES;
				SDKROOT = iphoneos;
				SWIFT_ACTIVE_COMPILATION_CONDITIONS = DEBUG;
				SWIFT_OPTIMIZATION_LEVEL = "-Onone";
			};
			name = Debug;
		};
		4F6FD769287C6D5200E6D9C8 /* Release */ = {
			isa = XCBuildConfiguration;
			buildSettings = {
				ALWAYS_SEARCH_USER_PATHS = NO;
				CLANG_ANALYZER_NONNULL = YES;
				CLANG_ANALYZER_NUMBER_OBJECT_CONVERSION = YES_AGGRESSIVE;
				CLANG_CXX_LANGUAGE_STANDARD = "gnu++17";
				CLANG_ENABLE_MODULES = YES;
				CLANG_ENABLE_OBJC_ARC = YES;
				CLANG_ENABLE_OBJC_WEAK = YES;
				CLANG_WARN_BLOCK_CAPTURE_AUTORELEASING = YES;
				CLANG_WARN_BOOL_CONVERSION = YES;
				CLANG_WARN_COMMA = YES;
				CLANG_WARN_CONSTANT_CONVERSION = YES;
				CLANG_WARN_DEPRECATED_OBJC_IMPLEMENTATIONS = YES;
				CLANG_WARN_DIRECT_OBJC_ISA_USAGE = YES_ERROR;
				CLANG_WARN_DOCUMENTATION_COMMENTS = YES;
				CLANG_WARN_EMPTY_BODY = YES;
				CLANG_WARN_ENUM_CONVERSION = YES;
				CLANG_WARN_INFINITE_RECURSION = YES;
				CLANG_WARN_INT_CONVERSION = YES;
				CLANG_WARN_NON_LITERAL_NULL_CONVERSION = YES;
				CLANG_WARN_OBJC_IMPLICIT_RETAIN_SELF = YES;
				CLANG_WARN_OBJC_LITERAL_CONVERSION = YES;
				CLANG_WARN_OBJC_ROOT_CLASS = YES_ERROR;
				CLANG_WARN_QUOTED_INCLUDE_IN_FRAMEWORK_HEADER = YES;
				CLANG_WARN_RANGE_LOOP_ANALYSIS = YES;
				CLANG_WARN_STRICT_PROTOTYPES = YES;
				CLANG_WARN_SUSPICIOUS_MOVE = YES;
				CLANG_WARN_UNGUARDED_AVAILABILITY = YES_AGGRESSIVE;
				CLANG_WARN_UNREACHABLE_CODE = YES;
				CLANG_WARN__DUPLICATE_METHOD_MATCH = YES;
				COPY_PHASE_STRIP = NO;
				DEBUG_INFORMATION_FORMAT = "dwarf-with-dsym";
				ENABLE_NS_ASSERTIONS = NO;
				ENABLE_STRICT_OBJC_MSGSEND = YES;
				GCC_C_LANGUAGE_STANDARD = gnu11;
				GCC_NO_COMMON_BLOCKS = YES;
				GCC_WARN_64_TO_32_BIT_CONVERSION = YES;
				GCC_WARN_ABOUT_RETURN_TYPE = YES_ERROR;
				GCC_WARN_UNDECLARED_SELECTOR = YES;
				GCC_WARN_UNINITIALIZED_AUTOS = YES_AGGRESSIVE;
				GCC_WARN_UNUSED_FUNCTION = YES;
				GCC_WARN_UNUSED_VARIABLE = YES;
				IPHONEOS_DEPLOYMENT_TARGET = 15.5;
				MTL_ENABLE_DEBUG_INFO = NO;
				MTL_FAST_MATH = YES;
				SDKROOT = iphoneos;
				SWIFT_COMPILATION_MODE = wholemodule;
				SWIFT_OPTIMIZATION_LEVEL = "-O";
				VALIDATE_PRODUCT = YES;
			};
			name = Release;
		};
		4F6FD76B287C6D5200E6D9C8 /* Debug */ = {
			isa = XCBuildConfiguration;
			buildSettings = {
				ASSETCATALOG_COMPILER_APPICON_NAME = AppIcon;
				ASSETCATALOG_COMPILER_GLOBAL_ACCENT_COLOR_NAME = AccentColor;
				CODE_SIGN_STYLE = Automatic;
				CURRENT_PROJECT_VERSION = 1;
				DEVELOPMENT_TEAM = 937HRU6CP7;
				GENERATE_INFOPLIST_FILE = YES;
				INFOPLIST_FILE = CineMovie/Info.plist;
				INFOPLIST_KEY_UIApplicationSupportsIndirectInputEvents = YES;
				INFOPLIST_KEY_UILaunchStoryboardName = LaunchScreen;
				INFOPLIST_KEY_UIMainStoryboardFile = "";
				INFOPLIST_KEY_UISupportedInterfaceOrientations_iPad = "UIInterfaceOrientationPortrait UIInterfaceOrientationPortraitUpsideDown UIInterfaceOrientationLandscapeLeft UIInterfaceOrientationLandscapeRight";
				INFOPLIST_KEY_UISupportedInterfaceOrientations_iPhone = "UIInterfaceOrientationPortrait UIInterfaceOrientationLandscapeLeft UIInterfaceOrientationLandscapeRight";
				LD_RUNPATH_SEARCH_PATHS = (
					"$(inherited)",
					"@executable_path/Frameworks",
				);
				MARKETING_VERSION = 1.0;
				PRODUCT_BUNDLE_IDENTIFIER = com.renanconsalter.CineMovie;
				PRODUCT_NAME = "$(TARGET_NAME)";
				SWIFT_EMIT_LOC_STRINGS = YES;
				SWIFT_VERSION = 5.0;
				TARGETED_DEVICE_FAMILY = "1,2";
			};
			name = Debug;
		};
		4F6FD76C287C6D5200E6D9C8 /* Release */ = {
			isa = XCBuildConfiguration;
			buildSettings = {
				ASSETCATALOG_COMPILER_APPICON_NAME = AppIcon;
				ASSETCATALOG_COMPILER_GLOBAL_ACCENT_COLOR_NAME = AccentColor;
				CODE_SIGN_STYLE = Automatic;
				CURRENT_PROJECT_VERSION = 1;
				DEVELOPMENT_TEAM = 937HRU6CP7;
				GENERATE_INFOPLIST_FILE = YES;
				INFOPLIST_FILE = CineMovie/Info.plist;
				INFOPLIST_KEY_UIApplicationSupportsIndirectInputEvents = YES;
				INFOPLIST_KEY_UILaunchStoryboardName = LaunchScreen;
				INFOPLIST_KEY_UIMainStoryboardFile = "";
				INFOPLIST_KEY_UISupportedInterfaceOrientations_iPad = "UIInterfaceOrientationPortrait UIInterfaceOrientationPortraitUpsideDown UIInterfaceOrientationLandscapeLeft UIInterfaceOrientationLandscapeRight";
				INFOPLIST_KEY_UISupportedInterfaceOrientations_iPhone = "UIInterfaceOrientationPortrait UIInterfaceOrientationLandscapeLeft UIInterfaceOrientationLandscapeRight";
				LD_RUNPATH_SEARCH_PATHS = (
					"$(inherited)",
					"@executable_path/Frameworks",
				);
				MARKETING_VERSION = 1.0;
				PRODUCT_BUNDLE_IDENTIFIER = com.renanconsalter.CineMovie;
				PRODUCT_NAME = "$(TARGET_NAME)";
				SWIFT_EMIT_LOC_STRINGS = YES;
				SWIFT_VERSION = 5.0;
				TARGETED_DEVICE_FAMILY = "1,2";
			};
			name = Release;
		};
		4F6FD76E287C6D5200E6D9C8 /* Debug */ = {
			isa = XCBuildConfiguration;
			buildSettings = {
				ALWAYS_EMBED_SWIFT_STANDARD_LIBRARIES = YES;
				BUNDLE_LOADER = "$(TEST_HOST)";
				CODE_SIGN_STYLE = Automatic;
				CURRENT_PROJECT_VERSION = 1;
				DEVELOPMENT_TEAM = 937HRU6CP7;
				GENERATE_INFOPLIST_FILE = YES;
				IPHONEOS_DEPLOYMENT_TARGET = 15.5;
				MARKETING_VERSION = 1.0;
				PRODUCT_BUNDLE_IDENTIFIER = com.renanconsalter.CineMovieTests;
				PRODUCT_NAME = "$(TARGET_NAME)";
				SWIFT_EMIT_LOC_STRINGS = NO;
				SWIFT_VERSION = 5.0;
				TARGETED_DEVICE_FAMILY = "1,2";
				TEST_HOST = "$(BUILT_PRODUCTS_DIR)/CineMovie.app/CineMovie";
			};
			name = Debug;
		};
		4F6FD76F287C6D5200E6D9C8 /* Release */ = {
			isa = XCBuildConfiguration;
			buildSettings = {
				ALWAYS_EMBED_SWIFT_STANDARD_LIBRARIES = YES;
				BUNDLE_LOADER = "$(TEST_HOST)";
				CODE_SIGN_STYLE = Automatic;
				CURRENT_PROJECT_VERSION = 1;
				DEVELOPMENT_TEAM = 937HRU6CP7;
				GENERATE_INFOPLIST_FILE = YES;
				IPHONEOS_DEPLOYMENT_TARGET = 15.5;
				MARKETING_VERSION = 1.0;
				PRODUCT_BUNDLE_IDENTIFIER = com.renanconsalter.CineMovieTests;
				PRODUCT_NAME = "$(TARGET_NAME)";
				SWIFT_EMIT_LOC_STRINGS = NO;
				SWIFT_VERSION = 5.0;
				TARGETED_DEVICE_FAMILY = "1,2";
				TEST_HOST = "$(BUILT_PRODUCTS_DIR)/CineMovie.app/CineMovie";
			};
			name = Release;
		};
		4F6FD771287C6D5200E6D9C8 /* Debug */ = {
			isa = XCBuildConfiguration;
			buildSettings = {
				ALWAYS_EMBED_SWIFT_STANDARD_LIBRARIES = YES;
				CODE_SIGN_STYLE = Automatic;
				CURRENT_PROJECT_VERSION = 1;
				DEVELOPMENT_TEAM = 937HRU6CP7;
				GENERATE_INFOPLIST_FILE = YES;
				MARKETING_VERSION = 1.0;
				PRODUCT_BUNDLE_IDENTIFIER = com.renanconsalter.CineMovieUITests;
				PRODUCT_NAME = "$(TARGET_NAME)";
				SWIFT_EMIT_LOC_STRINGS = NO;
				SWIFT_VERSION = 5.0;
				TARGETED_DEVICE_FAMILY = "1,2";
				TEST_TARGET_NAME = CineMovie;
			};
			name = Debug;
		};
		4F6FD772287C6D5200E6D9C8 /* Release */ = {
			isa = XCBuildConfiguration;
			buildSettings = {
				ALWAYS_EMBED_SWIFT_STANDARD_LIBRARIES = YES;
				CODE_SIGN_STYLE = Automatic;
				CURRENT_PROJECT_VERSION = 1;
				DEVELOPMENT_TEAM = 937HRU6CP7;
				GENERATE_INFOPLIST_FILE = YES;
				MARKETING_VERSION = 1.0;
				PRODUCT_BUNDLE_IDENTIFIER = com.renanconsalter.CineMovieUITests;
				PRODUCT_NAME = "$(TARGET_NAME)";
				SWIFT_EMIT_LOC_STRINGS = NO;
				SWIFT_VERSION = 5.0;
				TARGETED_DEVICE_FAMILY = "1,2";
				TEST_TARGET_NAME = CineMovie;
			};
			name = Release;
		};
/* End XCBuildConfiguration section */

/* Begin XCConfigurationList section */
		4F6FD73B287C6D4F00E6D9C8 /* Build configuration list for PBXProject "CineMovie" */ = {
			isa = XCConfigurationList;
			buildConfigurations = (
				4F6FD768287C6D5200E6D9C8 /* Debug */,
				4F6FD769287C6D5200E6D9C8 /* Release */,
			);
			defaultConfigurationIsVisible = 0;
			defaultConfigurationName = Release;
		};
		4F6FD76A287C6D5200E6D9C8 /* Build configuration list for PBXNativeTarget "CineMovie" */ = {
			isa = XCConfigurationList;
			buildConfigurations = (
				4F6FD76B287C6D5200E6D9C8 /* Debug */,
				4F6FD76C287C6D5200E6D9C8 /* Release */,
			);
			defaultConfigurationIsVisible = 0;
			defaultConfigurationName = Release;
		};
		4F6FD76D287C6D5200E6D9C8 /* Build configuration list for PBXNativeTarget "CineMovieTests" */ = {
			isa = XCConfigurationList;
			buildConfigurations = (
				4F6FD76E287C6D5200E6D9C8 /* Debug */,
				4F6FD76F287C6D5200E6D9C8 /* Release */,
			);
			defaultConfigurationIsVisible = 0;
			defaultConfigurationName = Release;
		};
		4F6FD770287C6D5200E6D9C8 /* Build configuration list for PBXNativeTarget "CineMovieUITests" */ = {
			isa = XCConfigurationList;
			buildConfigurations = (
				4F6FD771287C6D5200E6D9C8 /* Debug */,
				4F6FD772287C6D5200E6D9C8 /* Release */,
			);
			defaultConfigurationIsVisible = 0;
			defaultConfigurationName = Release;
		};
/* End XCConfigurationList section */
	};
	rootObject = 4F6FD738287C6D4F00E6D9C8 /* Project object */;
}
