// !$*UTF8*$!
{
	archiveVersion = 1;
	classes = {
	};
	objectVersion = 55;
	objects = {

/* Begin PBXBuildFile section */
		4F1A7C7D28DBBF530009E642 /* TMDB-Auth-Info.plist in Resources */ = {isa = PBXBuildFile; fileRef = 4F1A7C7C28DBBF530009E642 /* TMDB-Auth-Info.plist */; };
		4F6FD744287C6D4F00E6D9C8 /* AppDelegate.swift in Sources */ = {isa = PBXBuildFile; fileRef = 4F6FD743287C6D4F00E6D9C8 /* AppDelegate.swift */; };
		4F6FD746287C6D4F00E6D9C8 /* SceneDelegate.swift in Sources */ = {isa = PBXBuildFile; fileRef = 4F6FD745287C6D4F00E6D9C8 /* SceneDelegate.swift */; };
		4F6FD74D287C6D5200E6D9C8 /* Assets.xcassets in Resources */ = {isa = PBXBuildFile; fileRef = 4F6FD74C287C6D5200E6D9C8 /* Assets.xcassets */; };
		4F6FD765287C6D5200E6D9C8 /* CineMovieUITests.swift in Sources */ = {isa = PBXBuildFile; fileRef = 4F6FD764287C6D5200E6D9C8 /* CineMovieUITests.swift */; };
		4F6FD767287C6D5200E6D9C8 /* CineMovieUITestsLaunchTests.swift in Sources */ = {isa = PBXBuildFile; fileRef = 4F6FD766287C6D5200E6D9C8 /* CineMovieUITestsLaunchTests.swift */; };
		4F6FD778287C6F6900E6D9C8 /* ErrorHandler.swift in Sources */ = {isa = PBXBuildFile; fileRef = 4F6FD777287C6F6900E6D9C8 /* ErrorHandler.swift */; };
		4F6FD77A287C6FBF00E6D9C8 /* Endpoint.swift in Sources */ = {isa = PBXBuildFile; fileRef = 4F6FD779287C6FBF00E6D9C8 /* Endpoint.swift */; };
		4F6FD77C287C6FDE00E6D9C8 /* HTTPClient.swift in Sources */ = {isa = PBXBuildFile; fileRef = 4F6FD77B287C6FDE00E6D9C8 /* HTTPClient.swift */; };
		4F6FD77E287C6FF400E6D9C8 /* HTTPMethod.swift in Sources */ = {isa = PBXBuildFile; fileRef = 4F6FD77D287C6FF400E6D9C8 /* HTTPMethod.swift */; };
		4F6FD787287C714100E6D9C8 /* MoviesResponse.swift in Sources */ = {isa = PBXBuildFile; fileRef = 4F6FD786287C714100E6D9C8 /* MoviesResponse.swift */; };
		4F6FD789287C715900E6D9C8 /* Movie.swift in Sources */ = {isa = PBXBuildFile; fileRef = 4F6FD788287C715900E6D9C8 /* Movie.swift */; };
		4F6FD78B287C716800E6D9C8 /* MovieGenres.swift in Sources */ = {isa = PBXBuildFile; fileRef = 4F6FD78A287C716800E6D9C8 /* MovieGenres.swift */; };
		4F6FD78E287C718F00E6D9C8 /* Constants.swift in Sources */ = {isa = PBXBuildFile; fileRef = 4F6FD78D287C718F00E6D9C8 /* Constants.swift */; };
		4F6FD7BB287C7D5300E6D9C8 /* LaunchScreen.storyboard in Resources */ = {isa = PBXBuildFile; fileRef = 4F6FD7BA287C7D5300E6D9C8 /* LaunchScreen.storyboard */; };
		4F71F318288A0D4A007AB318 /* ListTopRatedMoviesViewModelTests.swift in Sources */ = {isa = PBXBuildFile; fileRef = 4F71F317288A0D4A007AB318 /* ListTopRatedMoviesViewModelTests.swift */; };
		4F71F31D288A1790007AB318 /* ListTopRatedMoviesViewModelDelegateSpy.swift in Sources */ = {isa = PBXBuildFile; fileRef = 4F71F31C288A1790007AB318 /* ListTopRatedMoviesViewModelDelegateSpy.swift */; };
		4F71F321288A1978007AB318 /* MoviesResponse+Fixture.swift in Sources */ = {isa = PBXBuildFile; fileRef = 4F71F320288A1978007AB318 /* MoviesResponse+Fixture.swift */; };
		4F71F324288A43BD007AB318 /* TopRatedMoviesCellViewModelTests.swift in Sources */ = {isa = PBXBuildFile; fileRef = 4F71F323288A43BD007AB318 /* TopRatedMoviesCellViewModelTests.swift */; };
		4F71F326288A457F007AB318 /* Movie+Fixture.swift in Sources */ = {isa = PBXBuildFile; fileRef = 4F71F325288A457F007AB318 /* Movie+Fixture.swift */; };
		4F71F32A288A59AC007AB318 /* PopularMoviesCellViewModelTests.swift in Sources */ = {isa = PBXBuildFile; fileRef = 4F71F329288A59AC007AB318 /* PopularMoviesCellViewModelTests.swift */; };
		4F71F32D288B01A8007AB318 /* MovieDetailsViewModelTests.swift in Sources */ = {isa = PBXBuildFile; fileRef = 4F71F32C288B01A8007AB318 /* MovieDetailsViewModelTests.swift */; };
		4F916A75287D09BC003F699F /* CachedImageView.swift in Sources */ = {isa = PBXBuildFile; fileRef = 4F916A74287D09BC003F699F /* CachedImageView.swift */; };
		4F93748B289B2F000002A873 /* ListTopRatedMoviesCoordinatorSpy.swift in Sources */ = {isa = PBXBuildFile; fileRef = 4F93748A289B2F000002A873 /* ListTopRatedMoviesCoordinatorSpy.swift */; };
		4F93748D289C12620002A873 /* ListPopularMoviesViewModelTests.swift in Sources */ = {isa = PBXBuildFile; fileRef = 4F93748C289C12620002A873 /* ListPopularMoviesViewModelTests.swift */; };
		4F93748F289C12DC0002A873 /* ListPopularMoviesViewModelDelegateSpy.swift in Sources */ = {isa = PBXBuildFile; fileRef = 4F93748E289C12DC0002A873 /* ListPopularMoviesViewModelDelegateSpy.swift */; };
		4F937491289C12EC0002A873 /* ListPopularMoviesCoordinatorSpy.swift in Sources */ = {isa = PBXBuildFile; fileRef = 4F937490289C12EC0002A873 /* ListPopularMoviesCoordinatorSpy.swift */; };
		4F937494289C36D20002A873 /* SearchMoviesViewModelTests.swift in Sources */ = {isa = PBXBuildFile; fileRef = 4F937493289C36D20002A873 /* SearchMoviesViewModelTests.swift */; };
		4F937496289C37270002A873 /* SearchMoviesCoordinatorSpy.swift in Sources */ = {isa = PBXBuildFile; fileRef = 4F937495289C37270002A873 /* SearchMoviesCoordinatorSpy.swift */; };
		4F937498289C37730002A873 /* SearchMoviesViewModelDelegateSpy.swift in Sources */ = {isa = PBXBuildFile; fileRef = 4F937497289C37730002A873 /* SearchMoviesViewModelDelegateSpy.swift */; };
		4F93749A289C467A0002A873 /* MovieDetailsViewModelDelegateSpy.swift in Sources */ = {isa = PBXBuildFile; fileRef = 4F937499289C467A0002A873 /* MovieDetailsViewModelDelegateSpy.swift */; };
		4F93749C289C46990002A873 /* MovieDetailsCoordinatorSpy.swift in Sources */ = {isa = PBXBuildFile; fileRef = 4F93749B289C46990002A873 /* MovieDetailsCoordinatorSpy.swift */; };
		4FBA08F828D1355C00D1BBDD /* AppCoordinator.swift in Sources */ = {isa = PBXBuildFile; fileRef = 4FBA08F728D1355C00D1BBDD /* AppCoordinator.swift */; };
		4FBA08FC28D135C600D1BBDD /* Alertable.swift in Sources */ = {isa = PBXBuildFile; fileRef = 4FBA08FB28D135C600D1BBDD /* Alertable.swift */; };
		4FBA08FE28D135DF00D1BBDD /* Loadable.swift in Sources */ = {isa = PBXBuildFile; fileRef = 4FBA08FD28D135DF00D1BBDD /* Loadable.swift */; };
		4FBA090028D1368900D1BBDD /* TopRatedMoviesEndpoint.swift in Sources */ = {isa = PBXBuildFile; fileRef = 4FBA08FF28D1368900D1BBDD /* TopRatedMoviesEndpoint.swift */; };
		4FBA090228D1369C00D1BBDD /* PopularMoviesEndpoint.swift in Sources */ = {isa = PBXBuildFile; fileRef = 4FBA090128D1369C00D1BBDD /* PopularMoviesEndpoint.swift */; };
		4FBA090428D136A900D1BBDD /* SearchMoviesEndpoint.swift in Sources */ = {isa = PBXBuildFile; fileRef = 4FBA090328D136A900D1BBDD /* SearchMoviesEndpoint.swift */; };
		4FBA090628D136B500D1BBDD /* MovieDetailsEndpoint.swift in Sources */ = {isa = PBXBuildFile; fileRef = 4FBA090528D136B500D1BBDD /* MovieDetailsEndpoint.swift */; };
		4FBA090928D137B700D1BBDD /* TopRatedMoviesService.swift in Sources */ = {isa = PBXBuildFile; fileRef = 4FBA090828D137B700D1BBDD /* TopRatedMoviesService.swift */; };
		4FBA090B28D137C200D1BBDD /* PopularMoviesService.swift in Sources */ = {isa = PBXBuildFile; fileRef = 4FBA090A28D137C100D1BBDD /* PopularMoviesService.swift */; };
		4FBA090D28D137D900D1BBDD /* SearchMoviesService.swift in Sources */ = {isa = PBXBuildFile; fileRef = 4FBA090C28D137D900D1BBDD /* SearchMoviesService.swift */; };
		4FBA090F28D137E500D1BBDD /* MovieDetailsService.swift in Sources */ = {isa = PBXBuildFile; fileRef = 4FBA090E28D137E500D1BBDD /* MovieDetailsService.swift */; };
		4FBA091628D1387400D1BBDD /* ListTopRatedMoviesCoordinator.swift in Sources */ = {isa = PBXBuildFile; fileRef = 4FBA091528D1387400D1BBDD /* ListTopRatedMoviesCoordinator.swift */; };
		4FBA091828D1388800D1BBDD /* ListTopRatedMoviesViewController.swift in Sources */ = {isa = PBXBuildFile; fileRef = 4FBA091728D1388800D1BBDD /* ListTopRatedMoviesViewController.swift */; };
		4FBA091A28D1389600D1BBDD /* ListTopRatedMoviesViewModel.swift in Sources */ = {isa = PBXBuildFile; fileRef = 4FBA091928D1389600D1BBDD /* ListTopRatedMoviesViewModel.swift */; };
		4FBA091C28D138A800D1BBDD /* TopRatedMoviesCellViewModel.swift in Sources */ = {isa = PBXBuildFile; fileRef = 4FBA091B28D138A800D1BBDD /* TopRatedMoviesCellViewModel.swift */; };
		4FBA091E28D138B300D1BBDD /* TopRatedMoviesCell.swift in Sources */ = {isa = PBXBuildFile; fileRef = 4FBA091D28D138B300D1BBDD /* TopRatedMoviesCell.swift */; };
		4FBA092128D138DE00D1BBDD /* ListPopularMoviesCoordinator.swift in Sources */ = {isa = PBXBuildFile; fileRef = 4FBA092028D138DE00D1BBDD /* ListPopularMoviesCoordinator.swift */; };
		4FBA092328D138ED00D1BBDD /* ListPopularMoviesViewController.swift in Sources */ = {isa = PBXBuildFile; fileRef = 4FBA092228D138ED00D1BBDD /* ListPopularMoviesViewController.swift */; };
		4FBA092528D138F800D1BBDD /* ListPopularMoviesViewModel.swift in Sources */ = {isa = PBXBuildFile; fileRef = 4FBA092428D138F800D1BBDD /* ListPopularMoviesViewModel.swift */; };
		4FBA092728D1392900D1BBDD /* PopularMoviesCell.swift in Sources */ = {isa = PBXBuildFile; fileRef = 4FBA092628D1392900D1BBDD /* PopularMoviesCell.swift */; };
		4FBA092928D1393600D1BBDD /* PopularMoviesCellViewModel.swift in Sources */ = {isa = PBXBuildFile; fileRef = 4FBA092828D1393600D1BBDD /* PopularMoviesCellViewModel.swift */; };
		4FBA092B28D1394C00D1BBDD /* SearchMoviesCoordinator.swift in Sources */ = {isa = PBXBuildFile; fileRef = 4FBA092A28D1394C00D1BBDD /* SearchMoviesCoordinator.swift */; };
		4FBA092D28D1396700D1BBDD /* SearchMoviesViewController.swift in Sources */ = {isa = PBXBuildFile; fileRef = 4FBA092C28D1396700D1BBDD /* SearchMoviesViewController.swift */; };
		4FBA092F28D1397A00D1BBDD /* SearchMoviesViewModel.swift in Sources */ = {isa = PBXBuildFile; fileRef = 4FBA092E28D1397A00D1BBDD /* SearchMoviesViewModel.swift */; };
		4FBA093128D1398B00D1BBDD /* MovieDetailsCoordinator.swift in Sources */ = {isa = PBXBuildFile; fileRef = 4FBA093028D1398B00D1BBDD /* MovieDetailsCoordinator.swift */; };
		4FBA093328D1399600D1BBDD /* MovieDetailsViewController.swift in Sources */ = {isa = PBXBuildFile; fileRef = 4FBA093228D1399600D1BBDD /* MovieDetailsViewController.swift */; };
		4FBA093528D139A300D1BBDD /* MovieDetailsViewModel.swift in Sources */ = {isa = PBXBuildFile; fileRef = 4FBA093428D139A300D1BBDD /* MovieDetailsViewModel.swift */; };
		4FBA093728D139DA00D1BBDD /* TopRatedMoviesServiceSpy.swift in Sources */ = {isa = PBXBuildFile; fileRef = 4FBA093628D139DA00D1BBDD /* TopRatedMoviesServiceSpy.swift */; };
		4FBA093928D139E700D1BBDD /* PopularMoviesServiceSpy.swift in Sources */ = {isa = PBXBuildFile; fileRef = 4FBA093828D139E700D1BBDD /* PopularMoviesServiceSpy.swift */; };
		4FBA093B28D139F500D1BBDD /* SearchMoviesServiceSpy.swift in Sources */ = {isa = PBXBuildFile; fileRef = 4FBA093A28D139F500D1BBDD /* SearchMoviesServiceSpy.swift */; };
		4FBA093D28D13A0000D1BBDD /* MovieDetailsServiceSpy.swift in Sources */ = {isa = PBXBuildFile; fileRef = 4FBA093C28D13A0000D1BBDD /* MovieDetailsServiceSpy.swift */; };
		4FF179732886622E00CA3F3F /* Coordinator.swift in Sources */ = {isa = PBXBuildFile; fileRef = 4FF179722886622E00CA3F3F /* Coordinator.swift */; };
/* End PBXBuildFile section */

/* Begin PBXContainerItemProxy section */
		4F6FD757287C6D5200E6D9C8 /* PBXContainerItemProxy */ = {
			isa = PBXContainerItemProxy;
			containerPortal = 4F6FD738287C6D4F00E6D9C8 /* Project object */;
			proxyType = 1;
			remoteGlobalIDString = 4F6FD73F287C6D4F00E6D9C8;
			remoteInfo = CineMovie;
		};
		4F6FD761287C6D5200E6D9C8 /* PBXContainerItemProxy */ = {
			isa = PBXContainerItemProxy;
			containerPortal = 4F6FD738287C6D4F00E6D9C8 /* Project object */;
			proxyType = 1;
			remoteGlobalIDString = 4F6FD73F287C6D4F00E6D9C8;
			remoteInfo = CineMovie;
		};
/* End PBXContainerItemProxy section */

/* Begin PBXFileReference section */
		4F1A7C7C28DBBF530009E642 /* TMDB-Auth-Info.plist */ = {isa = PBXFileReference; lastKnownFileType = text.plist.xml; path = "TMDB-Auth-Info.plist"; sourceTree = "<group>"; };
		4F6FD740287C6D4F00E6D9C8 /* CineMovie.app */ = {isa = PBXFileReference; explicitFileType = wrapper.application; includeInIndex = 0; path = CineMovie.app; sourceTree = BUILT_PRODUCTS_DIR; };
		4F6FD743287C6D4F00E6D9C8 /* AppDelegate.swift */ = {isa = PBXFileReference; lastKnownFileType = sourcecode.swift; path = AppDelegate.swift; sourceTree = "<group>"; };
		4F6FD745287C6D4F00E6D9C8 /* SceneDelegate.swift */ = {isa = PBXFileReference; lastKnownFileType = sourcecode.swift; path = SceneDelegate.swift; sourceTree = "<group>"; };
		4F6FD74C287C6D5200E6D9C8 /* Assets.xcassets */ = {isa = PBXFileReference; lastKnownFileType = folder.assetcatalog; path = Assets.xcassets; sourceTree = "<group>"; };
		4F6FD751287C6D5200E6D9C8 /* Info.plist */ = {isa = PBXFileReference; lastKnownFileType = text.plist.xml; path = Info.plist; sourceTree = "<group>"; };
		4F6FD756287C6D5200E6D9C8 /* CineMovieTests.xctest */ = {isa = PBXFileReference; explicitFileType = wrapper.cfbundle; includeInIndex = 0; path = CineMovieTests.xctest; sourceTree = BUILT_PRODUCTS_DIR; };
		4F6FD760287C6D5200E6D9C8 /* CineMovieUITests.xctest */ = {isa = PBXFileReference; explicitFileType = wrapper.cfbundle; includeInIndex = 0; path = CineMovieUITests.xctest; sourceTree = BUILT_PRODUCTS_DIR; };
		4F6FD764287C6D5200E6D9C8 /* CineMovieUITests.swift */ = {isa = PBXFileReference; lastKnownFileType = sourcecode.swift; path = CineMovieUITests.swift; sourceTree = "<group>"; };
		4F6FD766287C6D5200E6D9C8 /* CineMovieUITestsLaunchTests.swift */ = {isa = PBXFileReference; lastKnownFileType = sourcecode.swift; path = CineMovieUITestsLaunchTests.swift; sourceTree = "<group>"; };
		4F6FD777287C6F6900E6D9C8 /* ErrorHandler.swift */ = {isa = PBXFileReference; lastKnownFileType = sourcecode.swift; path = ErrorHandler.swift; sourceTree = "<group>"; };
		4F6FD779287C6FBF00E6D9C8 /* Endpoint.swift */ = {isa = PBXFileReference; lastKnownFileType = sourcecode.swift; path = Endpoint.swift; sourceTree = "<group>"; };
		4F6FD77B287C6FDE00E6D9C8 /* HTTPClient.swift */ = {isa = PBXFileReference; lastKnownFileType = sourcecode.swift; path = HTTPClient.swift; sourceTree = "<group>"; };
		4F6FD77D287C6FF400E6D9C8 /* HTTPMethod.swift */ = {isa = PBXFileReference; lastKnownFileType = sourcecode.swift; path = HTTPMethod.swift; sourceTree = "<group>"; };
		4F6FD786287C714100E6D9C8 /* MoviesResponse.swift */ = {isa = PBXFileReference; lastKnownFileType = sourcecode.swift; path = MoviesResponse.swift; sourceTree = "<group>"; };
		4F6FD788287C715900E6D9C8 /* Movie.swift */ = {isa = PBXFileReference; lastKnownFileType = sourcecode.swift; path = Movie.swift; sourceTree = "<group>"; };
		4F6FD78A287C716800E6D9C8 /* MovieGenres.swift */ = {isa = PBXFileReference; lastKnownFileType = sourcecode.swift; path = MovieGenres.swift; sourceTree = "<group>"; };
		4F6FD78D287C718F00E6D9C8 /* Constants.swift */ = {isa = PBXFileReference; lastKnownFileType = sourcecode.swift; path = Constants.swift; sourceTree = "<group>"; };
		4F6FD7BA287C7D5300E6D9C8 /* LaunchScreen.storyboard */ = {isa = PBXFileReference; lastKnownFileType = file.storyboard; path = LaunchScreen.storyboard; sourceTree = "<group>"; };
		4F71F317288A0D4A007AB318 /* ListTopRatedMoviesViewModelTests.swift */ = {isa = PBXFileReference; lastKnownFileType = sourcecode.swift; path = ListTopRatedMoviesViewModelTests.swift; sourceTree = "<group>"; };
		4F71F31C288A1790007AB318 /* ListTopRatedMoviesViewModelDelegateSpy.swift */ = {isa = PBXFileReference; lastKnownFileType = sourcecode.swift; path = ListTopRatedMoviesViewModelDelegateSpy.swift; sourceTree = "<group>"; };
		4F71F320288A1978007AB318 /* MoviesResponse+Fixture.swift */ = {isa = PBXFileReference; lastKnownFileType = sourcecode.swift; path = "MoviesResponse+Fixture.swift"; sourceTree = "<group>"; };
		4F71F323288A43BD007AB318 /* TopRatedMoviesCellViewModelTests.swift */ = {isa = PBXFileReference; lastKnownFileType = sourcecode.swift; path = TopRatedMoviesCellViewModelTests.swift; sourceTree = "<group>"; };
		4F71F325288A457F007AB318 /* Movie+Fixture.swift */ = {isa = PBXFileReference; lastKnownFileType = sourcecode.swift; path = "Movie+Fixture.swift"; sourceTree = "<group>"; };
		4F71F329288A59AC007AB318 /* PopularMoviesCellViewModelTests.swift */ = {isa = PBXFileReference; lastKnownFileType = sourcecode.swift; path = PopularMoviesCellViewModelTests.swift; sourceTree = "<group>"; };
		4F71F32C288B01A8007AB318 /* MovieDetailsViewModelTests.swift */ = {isa = PBXFileReference; lastKnownFileType = sourcecode.swift; path = MovieDetailsViewModelTests.swift; sourceTree = "<group>"; };
		4F916A74287D09BC003F699F /* CachedImageView.swift */ = {isa = PBXFileReference; lastKnownFileType = sourcecode.swift; path = CachedImageView.swift; sourceTree = "<group>"; };
		4F93748A289B2F000002A873 /* ListTopRatedMoviesCoordinatorSpy.swift */ = {isa = PBXFileReference; lastKnownFileType = sourcecode.swift; path = ListTopRatedMoviesCoordinatorSpy.swift; sourceTree = "<group>"; };
		4F93748C289C12620002A873 /* ListPopularMoviesViewModelTests.swift */ = {isa = PBXFileReference; lastKnownFileType = sourcecode.swift; path = ListPopularMoviesViewModelTests.swift; sourceTree = "<group>"; };
		4F93748E289C12DC0002A873 /* ListPopularMoviesViewModelDelegateSpy.swift */ = {isa = PBXFileReference; lastKnownFileType = sourcecode.swift; path = ListPopularMoviesViewModelDelegateSpy.swift; sourceTree = "<group>"; };
		4F937490289C12EC0002A873 /* ListPopularMoviesCoordinatorSpy.swift */ = {isa = PBXFileReference; lastKnownFileType = sourcecode.swift; path = ListPopularMoviesCoordinatorSpy.swift; sourceTree = "<group>"; };
		4F937493289C36D20002A873 /* SearchMoviesViewModelTests.swift */ = {isa = PBXFileReference; lastKnownFileType = sourcecode.swift; path = SearchMoviesViewModelTests.swift; sourceTree = "<group>"; };
		4F937495289C37270002A873 /* SearchMoviesCoordinatorSpy.swift */ = {isa = PBXFileReference; lastKnownFileType = sourcecode.swift; path = SearchMoviesCoordinatorSpy.swift; sourceTree = "<group>"; };
		4F937497289C37730002A873 /* SearchMoviesViewModelDelegateSpy.swift */ = {isa = PBXFileReference; lastKnownFileType = sourcecode.swift; path = SearchMoviesViewModelDelegateSpy.swift; sourceTree = "<group>"; };
		4F937499289C467A0002A873 /* MovieDetailsViewModelDelegateSpy.swift */ = {isa = PBXFileReference; lastKnownFileType = sourcecode.swift; path = MovieDetailsViewModelDelegateSpy.swift; sourceTree = "<group>"; };
		4F93749B289C46990002A873 /* MovieDetailsCoordinatorSpy.swift */ = {isa = PBXFileReference; lastKnownFileType = sourcecode.swift; path = MovieDetailsCoordinatorSpy.swift; sourceTree = "<group>"; };
		4FBA08F728D1355C00D1BBDD /* AppCoordinator.swift */ = {isa = PBXFileReference; lastKnownFileType = sourcecode.swift; path = AppCoordinator.swift; sourceTree = "<group>"; };
		4FBA08FB28D135C600D1BBDD /* Alertable.swift */ = {isa = PBXFileReference; lastKnownFileType = sourcecode.swift; path = Alertable.swift; sourceTree = "<group>"; };
		4FBA08FD28D135DF00D1BBDD /* Loadable.swift */ = {isa = PBXFileReference; lastKnownFileType = sourcecode.swift; path = Loadable.swift; sourceTree = "<group>"; };
		4FBA08FF28D1368900D1BBDD /* TopRatedMoviesEndpoint.swift */ = {isa = PBXFileReference; lastKnownFileType = sourcecode.swift; path = TopRatedMoviesEndpoint.swift; sourceTree = "<group>"; };
		4FBA090128D1369C00D1BBDD /* PopularMoviesEndpoint.swift */ = {isa = PBXFileReference; lastKnownFileType = sourcecode.swift; path = PopularMoviesEndpoint.swift; sourceTree = "<group>"; };
		4FBA090328D136A900D1BBDD /* SearchMoviesEndpoint.swift */ = {isa = PBXFileReference; lastKnownFileType = sourcecode.swift; path = SearchMoviesEndpoint.swift; sourceTree = "<group>"; };
		4FBA090528D136B500D1BBDD /* MovieDetailsEndpoint.swift */ = {isa = PBXFileReference; lastKnownFileType = sourcecode.swift; path = MovieDetailsEndpoint.swift; sourceTree = "<group>"; };
		4FBA090828D137B700D1BBDD /* TopRatedMoviesService.swift */ = {isa = PBXFileReference; lastKnownFileType = sourcecode.swift; path = TopRatedMoviesService.swift; sourceTree = "<group>"; };
		4FBA090A28D137C100D1BBDD /* PopularMoviesService.swift */ = {isa = PBXFileReference; lastKnownFileType = sourcecode.swift; path = PopularMoviesService.swift; sourceTree = "<group>"; };
		4FBA090C28D137D900D1BBDD /* SearchMoviesService.swift */ = {isa = PBXFileReference; lastKnownFileType = sourcecode.swift; path = SearchMoviesService.swift; sourceTree = "<group>"; };
		4FBA090E28D137E500D1BBDD /* MovieDetailsService.swift */ = {isa = PBXFileReference; lastKnownFileType = sourcecode.swift; path = MovieDetailsService.swift; sourceTree = "<group>"; };
		4FBA091528D1387400D1BBDD /* ListTopRatedMoviesCoordinator.swift */ = {isa = PBXFileReference; lastKnownFileType = sourcecode.swift; path = ListTopRatedMoviesCoordinator.swift; sourceTree = "<group>"; };
		4FBA091728D1388800D1BBDD /* ListTopRatedMoviesViewController.swift */ = {isa = PBXFileReference; lastKnownFileType = sourcecode.swift; path = ListTopRatedMoviesViewController.swift; sourceTree = "<group>"; };
		4FBA091928D1389600D1BBDD /* ListTopRatedMoviesViewModel.swift */ = {isa = PBXFileReference; lastKnownFileType = sourcecode.swift; path = ListTopRatedMoviesViewModel.swift; sourceTree = "<group>"; };
		4FBA091B28D138A800D1BBDD /* TopRatedMoviesCellViewModel.swift */ = {isa = PBXFileReference; lastKnownFileType = sourcecode.swift; path = TopRatedMoviesCellViewModel.swift; sourceTree = "<group>"; };
		4FBA091D28D138B300D1BBDD /* TopRatedMoviesCell.swift */ = {isa = PBXFileReference; lastKnownFileType = sourcecode.swift; path = TopRatedMoviesCell.swift; sourceTree = "<group>"; };
		4FBA092028D138DE00D1BBDD /* ListPopularMoviesCoordinator.swift */ = {isa = PBXFileReference; lastKnownFileType = sourcecode.swift; path = ListPopularMoviesCoordinator.swift; sourceTree = "<group>"; };
		4FBA092228D138ED00D1BBDD /* ListPopularMoviesViewController.swift */ = {isa = PBXFileReference; lastKnownFileType = sourcecode.swift; path = ListPopularMoviesViewController.swift; sourceTree = "<group>"; };
		4FBA092428D138F800D1BBDD /* ListPopularMoviesViewModel.swift */ = {isa = PBXFileReference; lastKnownFileType = sourcecode.swift; path = ListPopularMoviesViewModel.swift; sourceTree = "<group>"; };
		4FBA092628D1392900D1BBDD /* PopularMoviesCell.swift */ = {isa = PBXFileReference; lastKnownFileType = sourcecode.swift; path = PopularMoviesCell.swift; sourceTree = "<group>"; };
		4FBA092828D1393600D1BBDD /* PopularMoviesCellViewModel.swift */ = {isa = PBXFileReference; lastKnownFileType = sourcecode.swift; path = PopularMoviesCellViewModel.swift; sourceTree = "<group>"; };
		4FBA092A28D1394C00D1BBDD /* SearchMoviesCoordinator.swift */ = {isa = PBXFileReference; lastKnownFileType = sourcecode.swift; path = SearchMoviesCoordinator.swift; sourceTree = "<group>"; };
		4FBA092C28D1396700D1BBDD /* SearchMoviesViewController.swift */ = {isa = PBXFileReference; lastKnownFileType = sourcecode.swift; path = SearchMoviesViewController.swift; sourceTree = "<group>"; };
		4FBA092E28D1397A00D1BBDD /* SearchMoviesViewModel.swift */ = {isa = PBXFileReference; lastKnownFileType = sourcecode.swift; path = SearchMoviesViewModel.swift; sourceTree = "<group>"; };
		4FBA093028D1398B00D1BBDD /* MovieDetailsCoordinator.swift */ = {isa = PBXFileReference; lastKnownFileType = sourcecode.swift; path = MovieDetailsCoordinator.swift; sourceTree = "<group>"; };
		4FBA093228D1399600D1BBDD /* MovieDetailsViewController.swift */ = {isa = PBXFileReference; lastKnownFileType = sourcecode.swift; path = MovieDetailsViewController.swift; sourceTree = "<group>"; };
		4FBA093428D139A300D1BBDD /* MovieDetailsViewModel.swift */ = {isa = PBXFileReference; lastKnownFileType = sourcecode.swift; path = MovieDetailsViewModel.swift; sourceTree = "<group>"; };
		4FBA093628D139DA00D1BBDD /* TopRatedMoviesServiceSpy.swift */ = {isa = PBXFileReference; lastKnownFileType = sourcecode.swift; path = TopRatedMoviesServiceSpy.swift; sourceTree = "<group>"; };
		4FBA093828D139E700D1BBDD /* PopularMoviesServiceSpy.swift */ = {isa = PBXFileReference; lastKnownFileType = sourcecode.swift; path = PopularMoviesServiceSpy.swift; sourceTree = "<group>"; };
		4FBA093A28D139F500D1BBDD /* SearchMoviesServiceSpy.swift */ = {isa = PBXFileReference; lastKnownFileType = sourcecode.swift; path = SearchMoviesServiceSpy.swift; sourceTree = "<group>"; };
		4FBA093C28D13A0000D1BBDD /* MovieDetailsServiceSpy.swift */ = {isa = PBXFileReference; lastKnownFileType = sourcecode.swift; path = MovieDetailsServiceSpy.swift; sourceTree = "<group>"; };
		4FF179722886622E00CA3F3F /* Coordinator.swift */ = {isa = PBXFileReference; lastKnownFileType = sourcecode.swift; path = Coordinator.swift; sourceTree = "<group>"; };
/* End PBXFileReference section */

/* Begin PBXFrameworksBuildPhase section */
		4F6FD73D287C6D4F00E6D9C8 /* Frameworks */ = {
			isa = PBXFrameworksBuildPhase;
			buildActionMask = 2147483647;
			files = (
			);
			runOnlyForDeploymentPostprocessing = 0;
		};
		4F6FD753287C6D5200E6D9C8 /* Frameworks */ = {
			isa = PBXFrameworksBuildPhase;
			buildActionMask = 2147483647;
			files = (
			);
			runOnlyForDeploymentPostprocessing = 0;
		};
		4F6FD75D287C6D5200E6D9C8 /* Frameworks */ = {
			isa = PBXFrameworksBuildPhase;
			buildActionMask = 2147483647;
			files = (
			);
			runOnlyForDeploymentPostprocessing = 0;
		};
/* End PBXFrameworksBuildPhase section */

/* Begin PBXGroup section */
		4F6FD737287C6D4F00E6D9C8 = {
			isa = PBXGroup;
			children = (
				4F6FD742287C6D4F00E6D9C8 /* CineMovie */,
				4F6FD759287C6D5200E6D9C8 /* CineMovieTests */,
				4F6FD763287C6D5200E6D9C8 /* CineMovieUITests */,
				4F6FD741287C6D4F00E6D9C8 /* Products */,
			);
			sourceTree = "<group>";
		};
		4F6FD741287C6D4F00E6D9C8 /* Products */ = {
			isa = PBXGroup;
			children = (
				4F6FD740287C6D4F00E6D9C8 /* CineMovie.app */,
				4F6FD756287C6D5200E6D9C8 /* CineMovieTests.xctest */,
				4F6FD760287C6D5200E6D9C8 /* CineMovieUITests.xctest */,
			);
			name = Products;
			sourceTree = "<group>";
		};
		4F6FD742287C6D4F00E6D9C8 /* CineMovie */ = {
			isa = PBXGroup;
			children = (
				4F6FD774287C6E5300E6D9C8 /* Application */,
				4F6FD785287C712D00E6D9C8 /* Models */,
				4F6FD775287C6F4900E6D9C8 /* Network */,
				4F6FD773287C6E4D00E6D9C8 /* Resources */,
				4FBA090728D137A500D1BBDD /* Scenes */,
				4F6FD78F287C71F800E6D9C8 /* Services */,
				4F6FD78C287C717F00E6D9C8 /* Utils */,
				4F6FD751287C6D5200E6D9C8 /* Info.plist */,
				4F1A7C7C28DBBF530009E642 /* TMDB-Auth-Info.plist */,
			);
			path = CineMovie;
			sourceTree = "<group>";
		};
		4F6FD759287C6D5200E6D9C8 /* CineMovieTests */ = {
			isa = PBXGroup;
			children = (
				4F71F31F288A1963007AB318 /* Fixtures */,
				4FBA08F628D134F500D1BBDD /* Scenes */,
				4F71F319288A1329007AB318 /* Services */,
			);
			path = CineMovieTests;
			sourceTree = "<group>";
		};
		4F6FD763287C6D5200E6D9C8 /* CineMovieUITests */ = {
			isa = PBXGroup;
			children = (
				4F6FD764287C6D5200E6D9C8 /* CineMovieUITests.swift */,
				4F6FD766287C6D5200E6D9C8 /* CineMovieUITestsLaunchTests.swift */,
			);
			path = CineMovieUITests;
			sourceTree = "<group>";
		};
		4F6FD773287C6E4D00E6D9C8 /* Resources */ = {
			isa = PBXGroup;
			children = (
				4F6FD74C287C6D5200E6D9C8 /* Assets.xcassets */,
				4F6FD7BA287C7D5300E6D9C8 /* LaunchScreen.storyboard */,
			);
			path = Resources;
			sourceTree = "<group>";
		};
		4F6FD774287C6E5300E6D9C8 /* Application */ = {
			isa = PBXGroup;
			children = (
				4F6FD743287C6D4F00E6D9C8 /* AppDelegate.swift */,
				4F6FD745287C6D4F00E6D9C8 /* SceneDelegate.swift */,
				4FBA08F728D1355C00D1BBDD /* AppCoordinator.swift */,
			);
			path = Application;
			sourceTree = "<group>";
		};
		4F6FD775287C6F4900E6D9C8 /* Network */ = {
			isa = PBXGroup;
			children = (
				4F6FD776287C6F5A00E6D9C8 /* Base */,
				4F77F91228D5219B003D2E17 /* Client */,
				4F6FD77F287C70AB00E6D9C8 /* Endpoints */,
			);
			path = Network;
			sourceTree = "<group>";
		};
		4F6FD776287C6F5A00E6D9C8 /* Base */ = {
			isa = PBXGroup;
			children = (
				4F6FD779287C6FBF00E6D9C8 /* Endpoint.swift */,
				4F6FD777287C6F6900E6D9C8 /* ErrorHandler.swift */,
			);
			path = Base;
			sourceTree = "<group>";
		};
		4F6FD77F287C70AB00E6D9C8 /* Endpoints */ = {
			isa = PBXGroup;
			children = (
				4FBA08FF28D1368900D1BBDD /* TopRatedMoviesEndpoint.swift */,
				4FBA090128D1369C00D1BBDD /* PopularMoviesEndpoint.swift */,
				4FBA090328D136A900D1BBDD /* SearchMoviesEndpoint.swift */,
				4FBA090528D136B500D1BBDD /* MovieDetailsEndpoint.swift */,
			);
			path = Endpoints;
			sourceTree = "<group>";
		};
		4F6FD785287C712D00E6D9C8 /* Models */ = {
			isa = PBXGroup;
			children = (
				4F6FD786287C714100E6D9C8 /* MoviesResponse.swift */,
				4F6FD788287C715900E6D9C8 /* Movie.swift */,
				4F6FD78A287C716800E6D9C8 /* MovieGenres.swift */,
			);
			path = Models;
			sourceTree = "<group>";
		};
		4F6FD78C287C717F00E6D9C8 /* Utils */ = {
			isa = PBXGroup;
			children = (
				4FBA08FA28D1357F00D1BBDD /* Components */,
				4FBA08F928D1357400D1BBDD /* Protocols */,
				4F6FD78D287C718F00E6D9C8 /* Constants.swift */,
			);
			path = Utils;
			sourceTree = "<group>";
		};
		4F6FD78F287C71F800E6D9C8 /* Services */ = {
			isa = PBXGroup;
			children = (
				4FBA090828D137B700D1BBDD /* TopRatedMoviesService.swift */,
				4FBA090A28D137C100D1BBDD /* PopularMoviesService.swift */,
				4FBA090C28D137D900D1BBDD /* SearchMoviesService.swift */,
				4FBA090E28D137E500D1BBDD /* MovieDetailsService.swift */,
			);
			path = Services;
			sourceTree = "<group>";
		};
		4F71F315288A0C34007AB318 /* ListTopRatedMovies */ = {
			isa = PBXGroup;
			children = (
				4F71F322288A438D007AB318 /* Cell */,
				4F71F317288A0D4A007AB318 /* ListTopRatedMoviesViewModelTests.swift */,
				4F71F31C288A1790007AB318 /* ListTopRatedMoviesViewModelDelegateSpy.swift */,
				4F93748A289B2F000002A873 /* ListTopRatedMoviesCoordinatorSpy.swift */,
			);
			path = ListTopRatedMovies;
			sourceTree = "<group>";
		};
		4F71F319288A1329007AB318 /* Services */ = {
			isa = PBXGroup;
			children = (
				4FBA093628D139DA00D1BBDD /* TopRatedMoviesServiceSpy.swift */,
				4FBA093828D139E700D1BBDD /* PopularMoviesServiceSpy.swift */,
				4FBA093A28D139F500D1BBDD /* SearchMoviesServiceSpy.swift */,
				4FBA093C28D13A0000D1BBDD /* MovieDetailsServiceSpy.swift */,
			);
			path = Services;
			sourceTree = "<group>";
		};
		4F71F31F288A1963007AB318 /* Fixtures */ = {
			isa = PBXGroup;
			children = (
				4F71F320288A1978007AB318 /* MoviesResponse+Fixture.swift */,
				4F71F325288A457F007AB318 /* Movie+Fixture.swift */,
			);
			path = Fixtures;
			sourceTree = "<group>";
		};
		4F71F322288A438D007AB318 /* Cell */ = {
			isa = PBXGroup;
			children = (
				4F71F323288A43BD007AB318 /* TopRatedMoviesCellViewModelTests.swift */,
			);
			path = Cell;
			sourceTree = "<group>";
		};
		4F71F327288A5971007AB318 /* ListPopularMovies */ = {
			isa = PBXGroup;
			children = (
				4F71F328288A597E007AB318 /* Cell */,
				4F93748C289C12620002A873 /* ListPopularMoviesViewModelTests.swift */,
				4F93748E289C12DC0002A873 /* ListPopularMoviesViewModelDelegateSpy.swift */,
				4F937490289C12EC0002A873 /* ListPopularMoviesCoordinatorSpy.swift */,
			);
			path = ListPopularMovies;
			sourceTree = "<group>";
		};
		4F71F328288A597E007AB318 /* Cell */ = {
			isa = PBXGroup;
			children = (
				4F71F329288A59AC007AB318 /* PopularMoviesCellViewModelTests.swift */,
			);
			path = Cell;
			sourceTree = "<group>";
		};
		4F71F32B288B0186007AB318 /* MovieDetails */ = {
			isa = PBXGroup;
			children = (
				4F71F32C288B01A8007AB318 /* MovieDetailsViewModelTests.swift */,
				4F937499289C467A0002A873 /* MovieDetailsViewModelDelegateSpy.swift */,
				4F93749B289C46990002A873 /* MovieDetailsCoordinatorSpy.swift */,
			);
			path = MovieDetails;
			sourceTree = "<group>";
		};
		4F77F91228D5219B003D2E17 /* Client */ = {
			isa = PBXGroup;
			children = (
				4F6FD77B287C6FDE00E6D9C8 /* HTTPClient.swift */,
				4F6FD77D287C6FF400E6D9C8 /* HTTPMethod.swift */,
			);
			path = Client;
			sourceTree = "<group>";
		};
		4F937492289C16C30002A873 /* SearchMovies */ = {
			isa = PBXGroup;
			children = (
				4F937493289C36D20002A873 /* SearchMoviesViewModelTests.swift */,
				4F937497289C37730002A873 /* SearchMoviesViewModelDelegateSpy.swift */,
				4F937495289C37270002A873 /* SearchMoviesCoordinatorSpy.swift */,
			);
			path = SearchMovies;
			sourceTree = "<group>";
		};
		4FBA08F628D134F500D1BBDD /* Scenes */ = {
			isa = PBXGroup;
			children = (
				4F71F315288A0C34007AB318 /* ListTopRatedMovies */,
				4F71F327288A5971007AB318 /* ListPopularMovies */,
				4F937492289C16C30002A873 /* SearchMovies */,
				4F71F32B288B0186007AB318 /* MovieDetails */,
			);
			path = Scenes;
			sourceTree = "<group>";
		};
		4FBA08F928D1357400D1BBDD /* Protocols */ = {
			isa = PBXGroup;
			children = (
				4FBA08FB28D135C600D1BBDD /* Alertable.swift */,
				4FF179722886622E00CA3F3F /* Coordinator.swift */,
				4FBA08FD28D135DF00D1BBDD /* Loadable.swift */,
			);
			path = Protocols;
			sourceTree = "<group>";
		};
		4FBA08FA28D1357F00D1BBDD /* Components */ = {
			isa = PBXGroup;
			children = (
				4F916A74287D09BC003F699F /* CachedImageView.swift */,
			);
			path = Components;
			sourceTree = "<group>";
		};
		4FBA090728D137A500D1BBDD /* Scenes */ = {
			isa = PBXGroup;
			children = (
				4FBA091028D1381300D1BBDD /* ListTopRatedMovies */,
				4FBA091128D1383500D1BBDD /* ListPopularMovies */,
				4FBA091228D1384900D1BBDD /* SearchMovies */,
				4FBA091328D1385800D1BBDD /* MovieDetails */,
			);
			path = Scenes;
			sourceTree = "<group>";
		};
		4FBA091028D1381300D1BBDD /* ListTopRatedMovies */ = {
			isa = PBXGroup;
			children = (
				4FBA091428D1386500D1BBDD /* Cell */,
				4FBA091528D1387400D1BBDD /* ListTopRatedMoviesCoordinator.swift */,
				4FBA091728D1388800D1BBDD /* ListTopRatedMoviesViewController.swift */,
				4FBA091928D1389600D1BBDD /* ListTopRatedMoviesViewModel.swift */,
			);
			path = ListTopRatedMovies;
			sourceTree = "<group>";
		};
		4FBA091128D1383500D1BBDD /* ListPopularMovies */ = {
			isa = PBXGroup;
			children = (
				4FBA091F28D138D400D1BBDD /* Cell */,
				4FBA092028D138DE00D1BBDD /* ListPopularMoviesCoordinator.swift */,
				4FBA092228D138ED00D1BBDD /* ListPopularMoviesViewController.swift */,
				4FBA092428D138F800D1BBDD /* ListPopularMoviesViewModel.swift */,
			);
			path = ListPopularMovies;
			sourceTree = "<group>";
		};
		4FBA091228D1384900D1BBDD /* SearchMovies */ = {
			isa = PBXGroup;
			children = (
				4FBA092A28D1394C00D1BBDD /* SearchMoviesCoordinator.swift */,
				4FBA092C28D1396700D1BBDD /* SearchMoviesViewController.swift */,
				4FBA092E28D1397A00D1BBDD /* SearchMoviesViewModel.swift */,
			);
			path = SearchMovies;
			sourceTree = "<group>";
		};
		4FBA091328D1385800D1BBDD /* MovieDetails */ = {
			isa = PBXGroup;
			children = (
				4FBA093028D1398B00D1BBDD /* MovieDetailsCoordinator.swift */,
				4FBA093228D1399600D1BBDD /* MovieDetailsViewController.swift */,
				4FBA093428D139A300D1BBDD /* MovieDetailsViewModel.swift */,
			);
			path = MovieDetails;
			sourceTree = "<group>";
		};
		4FBA091428D1386500D1BBDD /* Cell */ = {
			isa = PBXGroup;
			children = (
				4FBA091D28D138B300D1BBDD /* TopRatedMoviesCell.swift */,
				4FBA091B28D138A800D1BBDD /* TopRatedMoviesCellViewModel.swift */,
			);
			path = Cell;
			sourceTree = "<group>";
		};
		4FBA091F28D138D400D1BBDD /* Cell */ = {
			isa = PBXGroup;
			children = (
				4FBA092628D1392900D1BBDD /* PopularMoviesCell.swift */,
				4FBA092828D1393600D1BBDD /* PopularMoviesCellViewModel.swift */,
			);
			path = Cell;
			sourceTree = "<group>";
		};
/* End PBXGroup section */

/* Begin PBXNativeTarget section */
		4F6FD73F287C6D4F00E6D9C8 /* CineMovie */ = {
			isa = PBXNativeTarget;
			buildConfigurationList = 4F6FD76A287C6D5200E6D9C8 /* Build configuration list for PBXNativeTarget "CineMovie" */;
			buildPhases = (
				4F6FD73C287C6D4F00E6D9C8 /* Sources */,
				4F6FD73D287C6D4F00E6D9C8 /* Frameworks */,
				4F6FD73E287C6D4F00E6D9C8 /* Resources */,
				4F1A7C7928DA7F530009E642 /* ShellScript */,
			);
			buildRules = (
			);
			dependencies = (
			);
			name = CineMovie;
			productName = CineMovie;
			productReference = 4F6FD740287C6D4F00E6D9C8 /* CineMovie.app */;
			productType = "com.apple.product-type.application";
		};
		4F6FD755287C6D5200E6D9C8 /* CineMovieTests */ = {
			isa = PBXNativeTarget;
			buildConfigurationList = 4F6FD76D287C6D5200E6D9C8 /* Build configuration list for PBXNativeTarget "CineMovieTests" */;
			buildPhases = (
				4F6FD752287C6D5200E6D9C8 /* Sources */,
				4F6FD753287C6D5200E6D9C8 /* Frameworks */,
				4F6FD754287C6D5200E6D9C8 /* Resources */,
			);
			buildRules = (
			);
			dependencies = (
				4F6FD758287C6D5200E6D9C8 /* PBXTargetDependency */,
			);
			name = CineMovieTests;
			productName = CineMovieTests;
			productReference = 4F6FD756287C6D5200E6D9C8 /* CineMovieTests.xctest */;
			productType = "com.apple.product-type.bundle.unit-test";
		};
		4F6FD75F287C6D5200E6D9C8 /* CineMovieUITests */ = {
			isa = PBXNativeTarget;
			buildConfigurationList = 4F6FD770287C6D5200E6D9C8 /* Build configuration list for PBXNativeTarget "CineMovieUITests" */;
			buildPhases = (
				4F6FD75C287C6D5200E6D9C8 /* Sources */,
				4F6FD75D287C6D5200E6D9C8 /* Frameworks */,
				4F6FD75E287C6D5200E6D9C8 /* Resources */,
			);
			buildRules = (
			);
			dependencies = (
				4F6FD762287C6D5200E6D9C8 /* PBXTargetDependency */,
			);
			name = CineMovieUITests;
			productName = CineMovieUITests;
			productReference = 4F6FD760287C6D5200E6D9C8 /* CineMovieUITests.xctest */;
			productType = "com.apple.product-type.bundle.ui-testing";
		};
/* End PBXNativeTarget section */

/* Begin PBXProject section */
		4F6FD738287C6D4F00E6D9C8 /* Project object */ = {
			isa = PBXProject;
			attributes = {
				BuildIndependentTargetsInParallel = 1;
				LastSwiftUpdateCheck = 1340;
				LastUpgradeCheck = 1340;
				TargetAttributes = {
					4F6FD73F287C6D4F00E6D9C8 = {
						CreatedOnToolsVersion = 13.4.1;
					};
					4F6FD755287C6D5200E6D9C8 = {
						CreatedOnToolsVersion = 13.4.1;
						TestTargetID = 4F6FD73F287C6D4F00E6D9C8;
					};
					4F6FD75F287C6D5200E6D9C8 = {
						CreatedOnToolsVersion = 13.4.1;
						TestTargetID = 4F6FD73F287C6D4F00E6D9C8;
					};
				};
			};
			buildConfigurationList = 4F6FD73B287C6D4F00E6D9C8 /* Build configuration list for PBXProject "CineMovie" */;
			compatibilityVersion = "Xcode 13.0";
			developmentRegion = en;
			hasScannedForEncodings = 0;
			knownRegions = (
				en,
				Base,
			);
			mainGroup = 4F6FD737287C6D4F00E6D9C8;
			productRefGroup = 4F6FD741287C6D4F00E6D9C8 /* Products */;
			projectDirPath = "";
			projectRoot = "";
			targets = (
				4F6FD73F287C6D4F00E6D9C8 /* CineMovie */,
				4F6FD755287C6D5200E6D9C8 /* CineMovieTests */,
				4F6FD75F287C6D5200E6D9C8 /* CineMovieUITests */,
			);
		};
/* End PBXProject section */

/* Begin PBXResourcesBuildPhase section */
		4F6FD73E287C6D4F00E6D9C8 /* Resources */ = {
			isa = PBXResourcesBuildPhase;
			buildActionMask = 2147483647;
			files = (
				4F6FD74D287C6D5200E6D9C8 /* Assets.xcassets in Resources */,
				4F1A7C7D28DBBF530009E642 /* TMDB-Auth-Info.plist in Resources */,
				4F6FD7BB287C7D5300E6D9C8 /* LaunchScreen.storyboard in Resources */,
			);
			runOnlyForDeploymentPostprocessing = 0;
		};
		4F6FD754287C6D5200E6D9C8 /* Resources */ = {
			isa = PBXResourcesBuildPhase;
			buildActionMask = 2147483647;
			files = (
			);
			runOnlyForDeploymentPostprocessing = 0;
		};
		4F6FD75E287C6D5200E6D9C8 /* Resources */ = {
			isa = PBXResourcesBuildPhase;
			buildActionMask = 2147483647;
			files = (
			);
			runOnlyForDeploymentPostprocessing = 0;
		};
/* End PBXResourcesBuildPhase section */

/* Begin PBXShellScriptBuildPhase section */
		4F1A7C7928DA7F530009E642 /* ShellScript */ = {
			isa = PBXShellScriptBuildPhase;
			alwaysOutOfDate = 1;
			buildActionMask = 2147483647;
			files = (
			);
			inputFileListPaths = (
			);
			inputPaths = (
			);
			outputFileListPaths = (
			);
			outputPaths = (
			);
			runOnlyForDeploymentPostprocessing = 0;
			shellPath = /bin/sh;
			shellScript = "export PATH=\"$PATH:/opt/homebrew/bin\"\nif which swiftlint > /dev/null; then\n  swiftlint\nelse\n  echo \"warning: SwiftLint not installed, download from https://github.com/realm/SwiftLint\"\nfi\n";
		};
/* End PBXShellScriptBuildPhase section */

/* Begin PBXSourcesBuildPhase section */
		4F6FD73C287C6D4F00E6D9C8 /* Sources */ = {
			isa = PBXSourcesBuildPhase;
			buildActionMask = 2147483647;
			files = (
				4FBA090028D1368900D1BBDD /* TopRatedMoviesEndpoint.swift in Sources */,
				4FBA08F828D1355C00D1BBDD /* AppCoordinator.swift in Sources */,
				4FBA093328D1399600D1BBDD /* MovieDetailsViewController.swift in Sources */,
				4FBA091C28D138A800D1BBDD /* TopRatedMoviesCellViewModel.swift in Sources */,
				4F6FD778287C6F6900E6D9C8 /* ErrorHandler.swift in Sources */,
				4FBA093128D1398B00D1BBDD /* MovieDetailsCoordinator.swift in Sources */,
				4F916A75287D09BC003F699F /* CachedImageView.swift in Sources */,
				4F6FD787287C714100E6D9C8 /* MoviesResponse.swift in Sources */,
				4FBA093528D139A300D1BBDD /* MovieDetailsViewModel.swift in Sources */,
				4FBA08FC28D135C600D1BBDD /* Alertable.swift in Sources */,
				4FBA092F28D1397A00D1BBDD /* SearchMoviesViewModel.swift in Sources */,
				4F6FD744287C6D4F00E6D9C8 /* AppDelegate.swift in Sources */,
				4FBA092728D1392900D1BBDD /* PopularMoviesCell.swift in Sources */,
				4F6FD789287C715900E6D9C8 /* Movie.swift in Sources */,
				4FBA092928D1393600D1BBDD /* PopularMoviesCellViewModel.swift in Sources */,
				4FBA091E28D138B300D1BBDD /* TopRatedMoviesCell.swift in Sources */,
				4FBA090428D136A900D1BBDD /* SearchMoviesEndpoint.swift in Sources */,
				4F6FD77E287C6FF400E6D9C8 /* HTTPMethod.swift in Sources */,
				4F6FD746287C6D4F00E6D9C8 /* SceneDelegate.swift in Sources */,
				4F6FD78B287C716800E6D9C8 /* MovieGenres.swift in Sources */,
				4FBA092D28D1396700D1BBDD /* SearchMoviesViewController.swift in Sources */,
				4FF179732886622E00CA3F3F /* Coordinator.swift in Sources */,
				4F6FD77C287C6FDE00E6D9C8 /* HTTPClient.swift in Sources */,
				4FBA08FE28D135DF00D1BBDD /* Loadable.swift in Sources */,
				4FBA090228D1369C00D1BBDD /* PopularMoviesEndpoint.swift in Sources */,
				4FBA090628D136B500D1BBDD /* MovieDetailsEndpoint.swift in Sources */,
				4FBA090928D137B700D1BBDD /* TopRatedMoviesService.swift in Sources */,
				4FBA092528D138F800D1BBDD /* ListPopularMoviesViewModel.swift in Sources */,
				4F6FD77A287C6FBF00E6D9C8 /* Endpoint.swift in Sources */,
				4FBA090B28D137C200D1BBDD /* PopularMoviesService.swift in Sources */,
				4FBA092B28D1394C00D1BBDD /* SearchMoviesCoordinator.swift in Sources */,
				4FBA091628D1387400D1BBDD /* ListTopRatedMoviesCoordinator.swift in Sources */,
				4FBA090D28D137D900D1BBDD /* SearchMoviesService.swift in Sources */,
				4FBA091A28D1389600D1BBDD /* ListTopRatedMoviesViewModel.swift in Sources */,
				4FBA092328D138ED00D1BBDD /* ListPopularMoviesViewController.swift in Sources */,
				4FBA090F28D137E500D1BBDD /* MovieDetailsService.swift in Sources */,
				4FBA092128D138DE00D1BBDD /* ListPopularMoviesCoordinator.swift in Sources */,
				4FBA091828D1388800D1BBDD /* ListTopRatedMoviesViewController.swift in Sources */,
				4F6FD78E287C718F00E6D9C8 /* Constants.swift in Sources */,
			);
			runOnlyForDeploymentPostprocessing = 0;
		};
		4F6FD752287C6D5200E6D9C8 /* Sources */ = {
			isa = PBXSourcesBuildPhase;
			buildActionMask = 2147483647;
			files = (
				4F71F324288A43BD007AB318 /* TopRatedMoviesCellViewModelTests.swift in Sources */,
				4F93748D289C12620002A873 /* ListPopularMoviesViewModelTests.swift in Sources */,
				4F71F31D288A1790007AB318 /* ListTopRatedMoviesViewModelDelegateSpy.swift in Sources */,
				4F71F321288A1978007AB318 /* MoviesResponse+Fixture.swift in Sources */,
				4FBA093B28D139F500D1BBDD /* SearchMoviesServiceSpy.swift in Sources */,
				4F71F318288A0D4A007AB318 /* ListTopRatedMoviesViewModelTests.swift in Sources */,
				4F937496289C37270002A873 /* SearchMoviesCoordinatorSpy.swift in Sources */,
				4FBA093728D139DA00D1BBDD /* TopRatedMoviesServiceSpy.swift in Sources */,
				4F71F32A288A59AC007AB318 /* PopularMoviesCellViewModelTests.swift in Sources */,
				4F71F326288A457F007AB318 /* Movie+Fixture.swift in Sources */,
				4FBA093D28D13A0000D1BBDD /* MovieDetailsServiceSpy.swift in Sources */,
				4F937494289C36D20002A873 /* SearchMoviesViewModelTests.swift in Sources */,
				4F93749A289C467A0002A873 /* MovieDetailsViewModelDelegateSpy.swift in Sources */,
				4F937498289C37730002A873 /* SearchMoviesViewModelDelegateSpy.swift in Sources */,
				4F93748F289C12DC0002A873 /* ListPopularMoviesViewModelDelegateSpy.swift in Sources */,
				4F93748B289B2F000002A873 /* ListTopRatedMoviesCoordinatorSpy.swift in Sources */,
				4F937491289C12EC0002A873 /* ListPopularMoviesCoordinatorSpy.swift in Sources */,
				4F71F32D288B01A8007AB318 /* MovieDetailsViewModelTests.swift in Sources */,
				4F93749C289C46990002A873 /* MovieDetailsCoordinatorSpy.swift in Sources */,
				4FBA093928D139E700D1BBDD /* PopularMoviesServiceSpy.swift in Sources */,
			);
			runOnlyForDeploymentPostprocessing = 0;
		};
		4F6FD75C287C6D5200E6D9C8 /* Sources */ = {
			isa = PBXSourcesBuildPhase;
			buildActionMask = 2147483647;
			files = (
				4F6FD767287C6D5200E6D9C8 /* CineMovieUITestsLaunchTests.swift in Sources */,
				4F6FD765287C6D5200E6D9C8 /* CineMovieUITests.swift in Sources */,
			);
			runOnlyForDeploymentPostprocessing = 0;
		};
/* End PBXSourcesBuildPhase section */

/* Begin PBXTargetDependency section */
		4F6FD758287C6D5200E6D9C8 /* PBXTargetDependency */ = {
			isa = PBXTargetDependency;
			target = 4F6FD73F287C6D4F00E6D9C8 /* CineMovie */;
			targetProxy = 4F6FD757287C6D5200E6D9C8 /* PBXContainerItemProxy */;
		};
		4F6FD762287C6D5200E6D9C8 /* PBXTargetDependency */ = {
			isa = PBXTargetDependency;
			target = 4F6FD73F287C6D4F00E6D9C8 /* CineMovie */;
			targetProxy = 4F6FD761287C6D5200E6D9C8 /* PBXContainerItemProxy */;
		};
/* End PBXTargetDependency section */

/* Begin XCBuildConfiguration section */
		4F6FD768287C6D5200E6D9C8 /* Debug */ = {
			isa = XCBuildConfiguration;
			buildSettings = {
				ALWAYS_SEARCH_USER_PATHS = NO;
				CLANG_ANALYZER_NONNULL = YES;
				CLANG_ANALYZER_NUMBER_OBJECT_CONVERSION = YES_AGGRESSIVE;
				CLANG_CXX_LANGUAGE_STANDARD = "gnu++17";
				CLANG_ENABLE_MODULES = YES;
				CLANG_ENABLE_OBJC_ARC = YES;
				CLANG_ENABLE_OBJC_WEAK = YES;
				CLANG_WARN_BLOCK_CAPTURE_AUTORELEASING = YES;
				CLANG_WARN_BOOL_CONVERSION = YES;
				CLANG_WARN_COMMA = YES;
				CLANG_WARN_CONSTANT_CONVERSION = YES;
				CLANG_WARN_DEPRECATED_OBJC_IMPLEMENTATIONS = YES;
				CLANG_WARN_DIRECT_OBJC_ISA_USAGE = YES_ERROR;
				CLANG_WARN_DOCUMENTATION_COMMENTS = YES;
				CLANG_WARN_EMPTY_BODY = YES;
				CLANG_WARN_ENUM_CONVERSION = YES;
				CLANG_WARN_INFINITE_RECURSION = YES;
				CLANG_WARN_INT_CONVERSION = YES;
				CLANG_WARN_NON_LITERAL_NULL_CONVERSION = YES;
				CLANG_WARN_OBJC_IMPLICIT_RETAIN_SELF = YES;
				CLANG_WARN_OBJC_LITERAL_CONVERSION = YES;
				CLANG_WARN_OBJC_ROOT_CLASS = YES_ERROR;
				CLANG_WARN_QUOTED_INCLUDE_IN_FRAMEWORK_HEADER = YES;
				CLANG_WARN_RANGE_LOOP_ANALYSIS = YES;
				CLANG_WARN_STRICT_PROTOTYPES = YES;
				CLANG_WARN_SUSPICIOUS_MOVE = YES;
				CLANG_WARN_UNGUARDED_AVAILABILITY = YES_AGGRESSIVE;
				CLANG_WARN_UNREACHABLE_CODE = YES;
				CLANG_WARN__DUPLICATE_METHOD_MATCH = YES;
				COPY_PHASE_STRIP = NO;
				DEBUG_INFORMATION_FORMAT = dwarf;
				ENABLE_STRICT_OBJC_MSGSEND = YES;
				ENABLE_TESTABILITY = YES;
				GCC_C_LANGUAGE_STANDARD = gnu11;
				GCC_DYNAMIC_NO_PIC = NO;
				GCC_NO_COMMON_BLOCKS = YES;
				GCC_OPTIMIZATION_LEVEL = 0;
				GCC_PREPROCESSOR_DEFINITIONS = (
					"DEBUG=1",
					"$(inherited)",
				);
				GCC_WARN_64_TO_32_BIT_CONVERSION = YES;
				GCC_WARN_ABOUT_RETURN_TYPE = YES_ERROR;
				GCC_WARN_UNDECLARED_SELECTOR = YES;
				GCC_WARN_UNINITIALIZED_AUTOS = YES_AGGRESSIVE;
				GCC_WARN_UNUSED_FUNCTION = YES;
				GCC_WARN_UNUSED_VARIABLE = YES;
				IPHONEOS_DEPLOYMENT_TARGET = 15.5;
				MTL_ENABLE_DEBUG_INFO = INCLUDE_SOURCE;
				MTL_FAST_MATH = YES;
				ONLY_ACTIVE_ARCH = YES;
				SDKROOT = iphoneos;
				SWIFT_ACTIVE_COMPILATION_CONDITIONS = DEBUG;
				SWIFT_OPTIMIZATION_LEVEL = "-Onone";
			};
			name = Debug;
		};
		4F6FD769287C6D5200E6D9C8 /* Release */ = {
			isa = XCBuildConfiguration;
			buildSettings = {
				ALWAYS_SEARCH_USER_PATHS = NO;
				CLANG_ANALYZER_NONNULL = YES;
				CLANG_ANALYZER_NUMBER_OBJECT_CONVERSION = YES_AGGRESSIVE;
				CLANG_CXX_LANGUAGE_STANDARD = "gnu++17";
				CLANG_ENABLE_MODULES = YES;
				CLANG_ENABLE_OBJC_ARC = YES;
				CLANG_ENABLE_OBJC_WEAK = YES;
				CLANG_WARN_BLOCK_CAPTURE_AUTORELEASING = YES;
				CLANG_WARN_BOOL_CONVERSION = YES;
				CLANG_WARN_COMMA = YES;
				CLANG_WARN_CONSTANT_CONVERSION = YES;
				CLANG_WARN_DEPRECATED_OBJC_IMPLEMENTATIONS = YES;
				CLANG_WARN_DIRECT_OBJC_ISA_USAGE = YES_ERROR;
				CLANG_WARN_DOCUMENTATION_COMMENTS = YES;
				CLANG_WARN_EMPTY_BODY = YES;
				CLANG_WARN_ENUM_CONVERSION = YES;
				CLANG_WARN_INFINITE_RECURSION = YES;
				CLANG_WARN_INT_CONVERSION = YES;
				CLANG_WARN_NON_LITERAL_NULL_CONVERSION = YES;
				CLANG_WARN_OBJC_IMPLICIT_RETAIN_SELF = YES;
				CLANG_WARN_OBJC_LITERAL_CONVERSION = YES;
				CLANG_WARN_OBJC_ROOT_CLASS = YES_ERROR;
				CLANG_WARN_QUOTED_INCLUDE_IN_FRAMEWORK_HEADER = YES;
				CLANG_WARN_RANGE_LOOP_ANALYSIS = YES;
				CLANG_WARN_STRICT_PROTOTYPES = YES;
				CLANG_WARN_SUSPICIOUS_MOVE = YES;
				CLANG_WARN_UNGUARDED_AVAILABILITY = YES_AGGRESSIVE;
				CLANG_WARN_UNREACHABLE_CODE = YES;
				CLANG_WARN__DUPLICATE_METHOD_MATCH = YES;
				COPY_PHASE_STRIP = NO;
				DEBUG_INFORMATION_FORMAT = "dwarf-with-dsym";
				ENABLE_NS_ASSERTIONS = NO;
				ENABLE_STRICT_OBJC_MSGSEND = YES;
				GCC_C_LANGUAGE_STANDARD = gnu11;
				GCC_NO_COMMON_BLOCKS = YES;
				GCC_WARN_64_TO_32_BIT_CONVERSION = YES;
				GCC_WARN_ABOUT_RETURN_TYPE = YES_ERROR;
				GCC_WARN_UNDECLARED_SELECTOR = YES;
				GCC_WARN_UNINITIALIZED_AUTOS = YES_AGGRESSIVE;
				GCC_WARN_UNUSED_FUNCTION = YES;
				GCC_WARN_UNUSED_VARIABLE = YES;
				IPHONEOS_DEPLOYMENT_TARGET = 15.5;
				MTL_ENABLE_DEBUG_INFO = NO;
				MTL_FAST_MATH = YES;
				SDKROOT = iphoneos;
				SWIFT_COMPILATION_MODE = wholemodule;
				SWIFT_OPTIMIZATION_LEVEL = "-O";
				VALIDATE_PRODUCT = YES;
			};
			name = Release;
		};
		4F6FD76B287C6D5200E6D9C8 /* Debug */ = {
			isa = XCBuildConfiguration;
			buildSettings = {
				ASSETCATALOG_COMPILER_APPICON_NAME = AppIcon;
				ASSETCATALOG_COMPILER_GLOBAL_ACCENT_COLOR_NAME = AccentColor;
				CODE_SIGN_STYLE = Automatic;
				CURRENT_PROJECT_VERSION = 1;
				DEVELOPMENT_TEAM = 937HRU6CP7;
				GENERATE_INFOPLIST_FILE = YES;
				INFOPLIST_FILE = CineMovie/Info.plist;
				INFOPLIST_KEY_UIApplicationSupportsIndirectInputEvents = YES;
				INFOPLIST_KEY_UILaunchStoryboardName = LaunchScreen;
				INFOPLIST_KEY_UISupportedInterfaceOrientations_iPad = "UIInterfaceOrientationPortrait UIInterfaceOrientationPortraitUpsideDown UIInterfaceOrientationLandscapeLeft UIInterfaceOrientationLandscapeRight";
				INFOPLIST_KEY_UISupportedInterfaceOrientations_iPhone = UIInterfaceOrientationPortrait;
				IPHONEOS_DEPLOYMENT_TARGET = 14.0;
				LD_RUNPATH_SEARCH_PATHS = (
					"$(inherited)",
					"@executable_path/Frameworks",
				);
				MARKETING_VERSION = 1.0;
				PRODUCT_BUNDLE_IDENTIFIER = com.renanconsalter.CineMovie;
				PRODUCT_NAME = "$(TARGET_NAME)";
				SWIFT_EMIT_LOC_STRINGS = YES;
				SWIFT_VERSION = 5.0;
				TARGETED_DEVICE_FAMILY = "1,2";
			};
			name = Debug;
		};
		4F6FD76C287C6D5200E6D9C8 /* Release */ = {
			isa = XCBuildConfiguration;
			buildSettings = {
				ASSETCATALOG_COMPILER_APPICON_NAME = AppIcon;
				ASSETCATALOG_COMPILER_GLOBAL_ACCENT_COLOR_NAME = AccentColor;
				CODE_SIGN_STYLE = Automatic;
				CURRENT_PROJECT_VERSION = 1;
				DEVELOPMENT_TEAM = 937HRU6CP7;
				GENERATE_INFOPLIST_FILE = YES;
				INFOPLIST_FILE = CineMovie/Info.plist;
				INFOPLIST_KEY_UIApplicationSupportsIndirectInputEvents = YES;
				INFOPLIST_KEY_UILaunchStoryboardName = LaunchScreen;
				INFOPLIST_KEY_UISupportedInterfaceOrientations_iPad = "UIInterfaceOrientationPortrait UIInterfaceOrientationPortraitUpsideDown UIInterfaceOrientationLandscapeLeft UIInterfaceOrientationLandscapeRight";
				INFOPLIST_KEY_UISupportedInterfaceOrientations_iPhone = UIInterfaceOrientationPortrait;
				IPHONEOS_DEPLOYMENT_TARGET = 14.0;
				LD_RUNPATH_SEARCH_PATHS = (
					"$(inherited)",
					"@executable_path/Frameworks",
				);
				MARKETING_VERSION = 1.0;
				PRODUCT_BUNDLE_IDENTIFIER = com.renanconsalter.CineMovie;
				PRODUCT_NAME = "$(TARGET_NAME)";
				SWIFT_EMIT_LOC_STRINGS = YES;
				SWIFT_VERSION = 5.0;
				TARGETED_DEVICE_FAMILY = "1,2";
			};
			name = Release;
		};
		4F6FD76E287C6D5200E6D9C8 /* Debug */ = {
			isa = XCBuildConfiguration;
			buildSettings = {
				ALWAYS_EMBED_SWIFT_STANDARD_LIBRARIES = YES;
				BUNDLE_LOADER = "$(TEST_HOST)";
				CODE_SIGN_STYLE = Automatic;
				CURRENT_PROJECT_VERSION = 1;
				DEVELOPMENT_TEAM = 937HRU6CP7;
				GENERATE_INFOPLIST_FILE = YES;
				IPHONEOS_DEPLOYMENT_TARGET = 14.0;
				MARKETING_VERSION = 1.0;
				PRODUCT_BUNDLE_IDENTIFIER = com.renanconsalter.CineMovieTests;
				PRODUCT_NAME = "$(TARGET_NAME)";
				SWIFT_EMIT_LOC_STRINGS = NO;
				SWIFT_VERSION = 5.0;
				TARGETED_DEVICE_FAMILY = "1,2";
				TEST_HOST = "$(BUILT_PRODUCTS_DIR)/CineMovie.app/CineMovie";
			};
			name = Debug;
		};
		4F6FD76F287C6D5200E6D9C8 /* Release */ = {
			isa = XCBuildConfiguration;
			buildSettings = {
				ALWAYS_EMBED_SWIFT_STANDARD_LIBRARIES = YES;
				BUNDLE_LOADER = "$(TEST_HOST)";
				CODE_SIGN_STYLE = Automatic;
				CURRENT_PROJECT_VERSION = 1;
				DEVELOPMENT_TEAM = 937HRU6CP7;
				GENERATE_INFOPLIST_FILE = YES;
				IPHONEOS_DEPLOYMENT_TARGET = 14.0;
				MARKETING_VERSION = 1.0;
				PRODUCT_BUNDLE_IDENTIFIER = com.renanconsalter.CineMovieTests;
				PRODUCT_NAME = "$(TARGET_NAME)";
				SWIFT_EMIT_LOC_STRINGS = NO;
				SWIFT_VERSION = 5.0;
				TARGETED_DEVICE_FAMILY = "1,2";
				TEST_HOST = "$(BUILT_PRODUCTS_DIR)/CineMovie.app/CineMovie";
			};
			name = Release;
		};
		4F6FD771287C6D5200E6D9C8 /* Debug */ = {
			isa = XCBuildConfiguration;
			buildSettings = {
				ALWAYS_EMBED_SWIFT_STANDARD_LIBRARIES = YES;
				CODE_SIGN_STYLE = Automatic;
				CURRENT_PROJECT_VERSION = 1;
				DEVELOPMENT_TEAM = 937HRU6CP7;
				GENERATE_INFOPLIST_FILE = YES;
				MARKETING_VERSION = 1.0;
				PRODUCT_BUNDLE_IDENTIFIER = com.renanconsalter.CineMovieUITests;
				PRODUCT_NAME = "$(TARGET_NAME)";
				SWIFT_EMIT_LOC_STRINGS = NO;
				SWIFT_VERSION = 5.0;
				TARGETED_DEVICE_FAMILY = "1,2";
				TEST_TARGET_NAME = CineMovie;
			};
			name = Debug;
		};
		4F6FD772287C6D5200E6D9C8 /* Release */ = {
			isa = XCBuildConfiguration;
			buildSettings = {
				ALWAYS_EMBED_SWIFT_STANDARD_LIBRARIES = YES;
				CODE_SIGN_STYLE = Automatic;
				CURRENT_PROJECT_VERSION = 1;
				DEVELOPMENT_TEAM = 937HRU6CP7;
				GENERATE_INFOPLIST_FILE = YES;
				MARKETING_VERSION = 1.0;
				PRODUCT_BUNDLE_IDENTIFIER = com.renanconsalter.CineMovieUITests;
				PRODUCT_NAME = "$(TARGET_NAME)";
				SWIFT_EMIT_LOC_STRINGS = NO;
				SWIFT_VERSION = 5.0;
				TARGETED_DEVICE_FAMILY = "1,2";
				TEST_TARGET_NAME = CineMovie;
			};
			name = Release;
		};
/* End XCBuildConfiguration section */

/* Begin XCConfigurationList section */
		4F6FD73B287C6D4F00E6D9C8 /* Build configuration list for PBXProject "CineMovie" */ = {
			isa = XCConfigurationList;
			buildConfigurations = (
				4F6FD768287C6D5200E6D9C8 /* Debug */,
				4F6FD769287C6D5200E6D9C8 /* Release */,
			);
			defaultConfigurationIsVisible = 0;
			defaultConfigurationName = Release;
		};
		4F6FD76A287C6D5200E6D9C8 /* Build configuration list for PBXNativeTarget "CineMovie" */ = {
			isa = XCConfigurationList;
			buildConfigurations = (
				4F6FD76B287C6D5200E6D9C8 /* Debug */,
				4F6FD76C287C6D5200E6D9C8 /* Release */,
			);
			defaultConfigurationIsVisible = 0;
			defaultConfigurationName = Release;
		};
		4F6FD76D287C6D5200E6D9C8 /* Build configuration list for PBXNativeTarget "CineMovieTests" */ = {
			isa = XCConfigurationList;
			buildConfigurations = (
				4F6FD76E287C6D5200E6D9C8 /* Debug */,
				4F6FD76F287C6D5200E6D9C8 /* Release */,
			);
			defaultConfigurationIsVisible = 0;
			defaultConfigurationName = Release;
		};
		4F6FD770287C6D5200E6D9C8 /* Build configuration list for PBXNativeTarget "CineMovieUITests" */ = {
			isa = XCConfigurationList;
			buildConfigurations = (
				4F6FD771287C6D5200E6D9C8 /* Debug */,
				4F6FD772287C6D5200E6D9C8 /* Release */,
			);
			defaultConfigurationIsVisible = 0;
			defaultConfigurationName = Release;
		};
/* End XCConfigurationList section */
	};
	rootObject = 4F6FD738287C6D4F00E6D9C8 /* Project object */;
}
